PODS:
  - FBAudienceNetwork (4.27.2)
  - MAXBase (1.0.1)
  - mopub-ios-sdk (4.19.0):
    - mopub-ios-sdk/MoPubSDK (= 4.19.0)
  - mopub-ios-sdk/Avid (4.19.0):
    - mopub-ios-sdk/Core
  - mopub-ios-sdk/Core (4.19.0)
  - mopub-ios-sdk/Moat (4.19.0):
    - mopub-ios-sdk/Core
  - mopub-ios-sdk/MoPubSDK (4.19.0):
    - mopub-ios-sdk/Avid
    - mopub-ios-sdk/Core
    - mopub-ios-sdk/Moat
  - Nimble (7.0.3)
  - Quick (1.2.0)
  - SwiftLint (0.24.2)

DEPENDENCIES:
  - FBAudienceNetwork (= 4.27.2)
  - MAXBase (from `git@github.com:MAXAds/max-ios-base-internal`)
  - mopub-ios-sdk (>= 4.18.0)
  - Nimble
  - Quick
  - SwiftLint

EXTERNAL SOURCES:
  MAXBase:
    :git: git@github.com:MAXAds/max-ios-base-internal

CHECKOUT OPTIONS:
  MAXBase:
    :commit: 146f722b678a469dc3ad52e7dfff7de501bf3935
    :git: git@github.com:MAXAds/max-ios-base-internal

SPEC CHECKSUMS:
  FBAudienceNetwork: 84fc420e262ae16b30586861fa11dd9c779336a8
  MAXBase: b5bf650b4240b27a87a923a5dc4868ad6a9ff0bd
  mopub-ios-sdk: ffbe414adf2fb7717d999020a3ff51d908da599f
  Nimble: 7f5a9c447a33002645a071bddafbfb24ea70e0ac
  Quick: 58d203b1c5e27fff7229c4c1ae445ad7069a7a08
  SwiftLint: 2aa21b96c8d13396a051bc1cb659d2ce1e0075b0

PODFILE CHECKSUM: fc1efea56f523fd5030408625550609551e3b2a2

COCOAPODS: 1.4.0.rc.1
