PODS:
  - FBAudienceNetwork (4.27.2)
  - mopub-ios-sdk (4.18.0):
    - mopub-ios-sdk/MoPubSDK (= 4.18.0)
  - mopub-ios-sdk/Avid (4.18.0):
    - mopub-ios-sdk/Core
  - mopub-ios-sdk/Core (4.18.0)
  - mopub-ios-sdk/Moat (4.18.0):
    - mopub-ios-sdk/Core
  - mopub-ios-sdk/MoPubSDK (4.18.0):
    - mopub-ios-sdk/Avid
    - mopub-ios-sdk/Core
    - mopub-ios-sdk/Moat
  - MRAID (1.0.1)
  - Nimble (7.0.2)
  - Quick (1.2.0)
  - SwiftLint (0.24.2)
  - VAST (1.0.0)

DEPENDENCIES:
  - FBAudienceNetwork (= 4.27.2)
  - mopub-ios-sdk (>= 4.18.0)
  - MRAID (= 1.0.1)
  - Nimble
  - Quick
  - SwiftLint
  - VAST (= 1.0.0)

SPEC CHECKSUMS:
  FBAudienceNetwork: 84fc420e262ae16b30586861fa11dd9c779336a8
  mopub-ios-sdk: 043a81e7e3ccd2b888fec35880b13e2876c16ff3
  MRAID: 02be370be7a327e8b9580377011746c496ba836c
  Nimble: bfe1f814edabba69ff145cb1283e04ed636a67f2
  Quick: 58d203b1c5e27fff7229c4c1ae445ad7069a7a08
  SwiftLint: 2aa21b96c8d13396a051bc1cb659d2ce1e0075b0
  VAST: 77fe46c807a451d979225315afde1303d801a3fd

PODFILE CHECKSUM: 2fc9104fa283b3910282c07d5c2bb95072ba96af

COCOAPODS: 1.4.0.rc.1
