PODS:
  - FBAudienceNetwork (4.27.2)
  - Masonry (1.1.0)
  - MAX/Core (1.1.3):
    - mopub-ios-sdk (>= 4.17.0)
  - MAX/Facebook (1.1.3):
    - FBAudienceNetwork (= 4.27.2)
    - MAX/Core
  - MAX/Vungle (1.1.3):
    - MAX/Core
    - VungleSDK-iOS (= 5.4.0)
  - mopub-ios-sdk (4.20.1):
    - mopub-ios-sdk/MoPubSDK (= 4.20.1)
  - mopub-ios-sdk/Avid (4.20.1):
    - mopub-ios-sdk/Core
  - mopub-ios-sdk/Core (4.20.1)
  - mopub-ios-sdk/Moat (4.20.1):
    - mopub-ios-sdk/Core
  - mopub-ios-sdk/MoPubSDK (4.20.1):
    - mopub-ios-sdk/Avid
    - mopub-ios-sdk/Core
    - mopub-ios-sdk/Moat
  - VungleSDK-iOS (5.4.0)

DEPENDENCIES:
  - Masonry (~> 1.1)
  - MAX/Core (from `../..`)
  - MAX/Facebook (from `../..`)
  - MAX/Vungle (from `../..`)

SPEC REPOS:
  https://github.com/CocoaPods/Specs.git:
    - FBAudienceNetwork
    - Masonry
    - mopub-ios-sdk
    - VungleSDK-iOS

EXTERNAL SOURCES:
  MAX:
    :path: "../.."

SPEC CHECKSUMS:
  FBAudienceNetwork: 84fc420e262ae16b30586861fa11dd9c779336a8
  Masonry: 678fab65091a9290e40e2832a55e7ab731aad201
  MAX: 6eb4a7966988dde68d37b28d9db93ba2f18ff56c
  mopub-ios-sdk: 6220599bacc1c47f4117b7af5e9616f6779157a5
  VungleSDK-iOS: bf5bb77eedc065e28c34d8613b027ef9cc3053c2

PODFILE CHECKSUM: 7d33d6007938d945d4cfc7982909711d414e339e

COCOAPODS: 1.5.0
