PODS:
  - FBAudienceNetwork (4.27.2)
  - MAX/Core (1.0.0):
    - mopub-ios-sdk (>= 4.17.0)
    - SnapKit (= 4.0)
  - MAX/Facebook (1.0.0):
    - FBAudienceNetwork (= 4.27.2)
    - MAX/Core
  - mopub-ios-sdk (4.20.1):
    - mopub-ios-sdk/MoPubSDK (= 4.20.1)
  - mopub-ios-sdk/Avid (4.20.1):
    - mopub-ios-sdk/Core
  - mopub-ios-sdk/Core (4.20.1)
  - mopub-ios-sdk/Moat (4.20.1):
    - mopub-ios-sdk/Core
  - mopub-ios-sdk/MoPubSDK (4.20.1):
    - mopub-ios-sdk/Avid
    - mopub-ios-sdk/Core
    - mopub-ios-sdk/Moat
  - SnapKit (4.0.0)

DEPENDENCIES:
  - MAX/Core (from `../..`)
  - MAX/Facebook (from `../..`)

SPEC REPOS:
  https://github.com/CocoaPods/Specs.git:
    - FBAudienceNetwork
    - mopub-ios-sdk
    - SnapKit

EXTERNAL SOURCES:
  MAX:
    :path: "../.."

SPEC CHECKSUMS:
  FBAudienceNetwork: 84fc420e262ae16b30586861fa11dd9c779336a8
  MAX: 1d86d3f58eae164eda32b0727e1d2d7e93219a47
  mopub-ios-sdk: 6220599bacc1c47f4117b7af5e9616f6779157a5
  SnapKit: a42d492c16e80209130a3379f73596c3454b7694

PODFILE CHECKSUM: e1960934d36524eb66d1b74354bb0f3c3db7a3c3

COCOAPODS: 1.5.0.beta.1
