// !$*UTF8*$!
{
	archiveVersion = 1;
	classes = {
	};
	objectVersion = 48;
	objects = {

/* Begin PBXBuildFile section */
		193BFA05203797E2006D86DC /* MAXAdViewAdapter.swift in Sources */ = {isa = PBXBuildFile; fileRef = 1917BAF3203639E7000D06DE /* MAXAdViewAdapter.swift */; };
		193BFA06203797E2006D86DC /* MAXInterstitialAdapter.swift in Sources */ = {isa = PBXBuildFile; fileRef = 1917BAF4203639E7000D06DE /* MAXInterstitialAdapter.swift */; };
		193BFA07203797E2006D86DC /* MAXTokenProvider.swift in Sources */ = {isa = PBXBuildFile; fileRef = 1917BAF5203639E7000D06DE /* MAXTokenProvider.swift */; };
		193BFA08203797E2006D86DC /* MAXAdRequest.swift in Sources */ = {isa = PBXBuildFile; fileRef = 1917BAF7203639E7000D06DE /* MAXAdRequest.swift */; };
		193BFA09203797E2006D86DC /* MAXAdRequestManager.swift in Sources */ = {isa = PBXBuildFile; fileRef = 1917BAF8203639E7000D06DE /* MAXAdRequestManager.swift */; };
		193BFA0A203797E2006D86DC /* MAXAdResponse.swift in Sources */ = {isa = PBXBuildFile; fileRef = 1917BAF9203639E7000D06DE /* MAXAdResponse.swift */; };
		193BFA0B203797E2006D86DC /* MAXAPIConstants.swift in Sources */ = {isa = PBXBuildFile; fileRef = 1917BAFA203639E7000D06DE /* MAXAPIConstants.swift */; };
		193BFA0C203797E2006D86DC /* MAXUserAgent.swift in Sources */ = {isa = PBXBuildFile; fileRef = 1917BAFB203639E7000D06DE /* MAXUserAgent.swift */; };
		193BFA0D203797E2006D86DC /* MAXConfiguration.swift in Sources */ = {isa = PBXBuildFile; fileRef = 1917BB0E203639E7000D06DE /* MAXConfiguration.swift */; };
		193BFA0E203797E2006D86DC /* MAXLocationProvider.swift in Sources */ = {isa = PBXBuildFile; fileRef = 1917BB0F203639E7000D06DE /* MAXLocationProvider.swift */; };
		193BFA10203797E2006D86DC /* MAXSession.swift in Sources */ = {isa = PBXBuildFile; fileRef = 1917BB31203639E7000D06DE /* MAXSession.swift */; };
		193BFA11203797E2006D86DC /* MAXConcurrentDictionary.swift in Sources */ = {isa = PBXBuildFile; fileRef = 1917BB4E203639E7000D06DE /* MAXConcurrentDictionary.swift */; };
		193BFA12203797E2006D86DC /* MAXDateFormatter.swift in Sources */ = {isa = PBXBuildFile; fileRef = 1917BB4F203639E7000D06DE /* MAXDateFormatter.swift */; };
		193BFA13203797E2006D86DC /* MAXError.swift in Sources */ = {isa = PBXBuildFile; fileRef = 1917BB50203639E7000D06DE /* MAXError.swift */; };
		193BFA14203797E2006D86DC /* MAXErrorReporter.swift in Sources */ = {isa = PBXBuildFile; fileRef = 1917BB51203639E7000D06DE /* MAXErrorReporter.swift */; };
		193BFA15203797E2006D86DC /* MAXLinkHandler.swift in Sources */ = {isa = PBXBuildFile; fileRef = 1917BB52203639E7000D06DE /* MAXLinkHandler.swift */; };
		193BFA16203797E2006D86DC /* MAXLogger.swift in Sources */ = {isa = PBXBuildFile; fileRef = 1917BB53203639E7000D06DE /* MAXLogger.swift */; };
		193BFA17203797E2006D86DC /* MAXAdView.swift in Sources */ = {isa = PBXBuildFile; fileRef = 1917BB55203639E7000D06DE /* MAXAdView.swift */; };
		193BFA18203797E2006D86DC /* MAXInterstitialAd.swift in Sources */ = {isa = PBXBuildFile; fileRef = 1917BB56203639E7000D06DE /* MAXInterstitialAd.swift */; };
		193BFA19203797E2006D86DC /* MAXFacebookAdapter.swift in Sources */ = {isa = PBXBuildFile; fileRef = 1917BB59203639E7000D06DE /* MAXFacebookAdapter.swift */; };
		193BFA1A203797E2006D86DC /* MAXFacebookBannerAdapter.swift in Sources */ = {isa = PBXBuildFile; fileRef = 1917BB5A203639E7000D06DE /* MAXFacebookBannerAdapter.swift */; };
		193BFA1B203797E2006D86DC /* MAXFacebookInterstitialAdapter.swift in Sources */ = {isa = PBXBuildFile; fileRef = 1917BB5B203639E7000D06DE /* MAXFacebookInterstitialAdapter.swift */; };
		193BFA1C203797E2006D86DC /* MAXMoPubCustomEvent.swift in Sources */ = {isa = PBXBuildFile; fileRef = 1917BB5D203639E7000D06DE /* MAXMoPubCustomEvent.swift */; };
		193BFA1D203797E2006D86DC /* MAXMoPubRequestManager.swift in Sources */ = {isa = PBXBuildFile; fileRef = 1917BB5E203639E7000D06DE /* MAXMoPubRequestManager.swift */; };
		193BFA1E203797EB006D86DC /* MaxBrowser.m in Sources */ = {isa = PBXBuildFile; fileRef = 1917BB14203639E7000D06DE /* MaxBrowser.m */; };
		193BFA1F203797EB006D86DC /* MaxBrowserControlsView.m in Sources */ = {isa = PBXBuildFile; fileRef = 1917BB16203639E7000D06DE /* MaxBrowserControlsView.m */; };
		193BFA20203797EB006D86DC /* MaxCommonLogger.m in Sources */ = {isa = PBXBuildFile; fileRef = 1917BB1A203639E7000D06DE /* MaxCommonLogger.m */; };
		193BFA21203797EB006D86DC /* MaxCommonSettings.m in Sources */ = {isa = PBXBuildFile; fileRef = 1917BB1C203639E7000D06DE /* MaxCommonSettings.m */; };
		193BFA22203797EB006D86DC /* MaxMRAIDInterstitial.m in Sources */ = {isa = PBXBuildFile; fileRef = 1917BB1F203639E7000D06DE /* MaxMRAIDInterstitial.m */; };
		193BFA23203797EB006D86DC /* MaxMRAIDModalViewController.m in Sources */ = {isa = PBXBuildFile; fileRef = 1917BB21203639E7000D06DE /* MaxMRAIDModalViewController.m */; };
		193BFA24203797EB006D86DC /* MaxMRAIDOrientationProperties.m in Sources */ = {isa = PBXBuildFile; fileRef = 1917BB23203639E7000D06DE /* MaxMRAIDOrientationProperties.m */; };
		193BFA25203797EB006D86DC /* MaxMRAIDParser.m in Sources */ = {isa = PBXBuildFile; fileRef = 1917BB25203639E7000D06DE /* MaxMRAIDParser.m */; };
		193BFA26203797EB006D86DC /* MaxMRAIDResizeProperties.m in Sources */ = {isa = PBXBuildFile; fileRef = 1917BB27203639E7000D06DE /* MaxMRAIDResizeProperties.m */; };
		193BFA27203797EB006D86DC /* MaxMRAIDSettings.m in Sources */ = {isa = PBXBuildFile; fileRef = 1917BB2A203639E7000D06DE /* MaxMRAIDSettings.m */; };
		193BFA28203797EB006D86DC /* MaxMRAIDUtil.m in Sources */ = {isa = PBXBuildFile; fileRef = 1917BB2C203639E7000D06DE /* MaxMRAIDUtil.m */; };
		193BFA29203797EB006D86DC /* MaxMRAIDView.m in Sources */ = {isa = PBXBuildFile; fileRef = 1917BB2E203639E7000D06DE /* MaxMRAIDView.m */; };
		193BFA2A203797EB006D86DC /* MaxReachability.m in Sources */ = {isa = PBXBuildFile; fileRef = 1917BB30203639E7000D06DE /* MaxReachability.m */; };
		193BFA2B203797EB006D86DC /* MaxVAST2Parser.m in Sources */ = {isa = PBXBuildFile; fileRef = 1917BB33203639E7000D06DE /* MaxVAST2Parser.m */; };
		193BFA2C203797EB006D86DC /* MaxVASTControls.m in Sources */ = {isa = PBXBuildFile; fileRef = 1917BB35203639E7000D06DE /* MaxVASTControls.m */; };
		193BFA2D203797EB006D86DC /* MaxVASTEventProcessor.m in Sources */ = {isa = PBXBuildFile; fileRef = 1917BB38203639E7000D06DE /* MaxVASTEventProcessor.m */; };
		193BFA2E203797EB006D86DC /* MaxVASTMediaFile.m in Sources */ = {isa = PBXBuildFile; fileRef = 1917BB3A203639E7000D06DE /* MaxVASTMediaFile.m */; };
		193BFA2F203797EB006D86DC /* MaxVASTMediaFilePicker.m in Sources */ = {isa = PBXBuildFile; fileRef = 1917BB3C203639E7000D06DE /* MaxVASTMediaFilePicker.m */; };
		193BFA30203797EB006D86DC /* MaxVASTModel.m in Sources */ = {isa = PBXBuildFile; fileRef = 1917BB3E203639E7000D06DE /* MaxVASTModel.m */; };
		193BFA31203797EB006D86DC /* MaxVASTSettings.m in Sources */ = {isa = PBXBuildFile; fileRef = 1917BB41203639E7000D06DE /* MaxVASTSettings.m */; };
		193BFA32203797EB006D86DC /* MaxVASTUrlWithId.m in Sources */ = {isa = PBXBuildFile; fileRef = 1917BB43203639E7000D06DE /* MaxVASTUrlWithId.m */; };
		193BFA33203797EB006D86DC /* MaxVASTViewController.m in Sources */ = {isa = PBXBuildFile; fileRef = 1917BB45203639E7000D06DE /* MaxVASTViewController.m */; };
		193BFA34203797EB006D86DC /* MaxVASTXMLUtil.m in Sources */ = {isa = PBXBuildFile; fileRef = 1917BB47203639E7000D06DE /* MaxVASTXMLUtil.m */; };
		193BFA66203799EB006D86DC /* MAX.h in Headers */ = {isa = PBXBuildFile; fileRef = 193BFA58203799EA006D86DC /* MAX.h */; settings = {ATTRIBUTES = (Public, ); }; };
		193BFA6D2037A049006D86DC /* MAXAdViewAdapter.swift in Sources */ = {isa = PBXBuildFile; fileRef = 1917BAF3203639E7000D06DE /* MAXAdViewAdapter.swift */; };
		193BFA6E2037A049006D86DC /* MAXInterstitialAdapter.swift in Sources */ = {isa = PBXBuildFile; fileRef = 1917BAF4203639E7000D06DE /* MAXInterstitialAdapter.swift */; };
		193BFA6F2037A049006D86DC /* MAXTokenProvider.swift in Sources */ = {isa = PBXBuildFile; fileRef = 1917BAF5203639E7000D06DE /* MAXTokenProvider.swift */; };
		193BFA702037A049006D86DC /* MAXAdRequest.swift in Sources */ = {isa = PBXBuildFile; fileRef = 1917BAF7203639E7000D06DE /* MAXAdRequest.swift */; };
		193BFA712037A049006D86DC /* MAXAdRequestManager.swift in Sources */ = {isa = PBXBuildFile; fileRef = 1917BAF8203639E7000D06DE /* MAXAdRequestManager.swift */; };
		193BFA722037A049006D86DC /* MAXAdResponse.swift in Sources */ = {isa = PBXBuildFile; fileRef = 1917BAF9203639E7000D06DE /* MAXAdResponse.swift */; };
		193BFA732037A049006D86DC /* MAXAPIConstants.swift in Sources */ = {isa = PBXBuildFile; fileRef = 1917BAFA203639E7000D06DE /* MAXAPIConstants.swift */; };
		193BFA742037A049006D86DC /* MAXUserAgent.swift in Sources */ = {isa = PBXBuildFile; fileRef = 1917BAFB203639E7000D06DE /* MAXUserAgent.swift */; };
		193BFA752037A049006D86DC /* MAXConfiguration.swift in Sources */ = {isa = PBXBuildFile; fileRef = 1917BB0E203639E7000D06DE /* MAXConfiguration.swift */; };
		193BFA762037A049006D86DC /* MAXLocationProvider.swift in Sources */ = {isa = PBXBuildFile; fileRef = 1917BB0F203639E7000D06DE /* MAXLocationProvider.swift */; };
		193BFA782037A049006D86DC /* MAXSession.swift in Sources */ = {isa = PBXBuildFile; fileRef = 1917BB31203639E7000D06DE /* MAXSession.swift */; };
		193BFA792037A049006D86DC /* MAXConcurrentDictionary.swift in Sources */ = {isa = PBXBuildFile; fileRef = 1917BB4E203639E7000D06DE /* MAXConcurrentDictionary.swift */; };
		193BFA7A2037A049006D86DC /* MAXDateFormatter.swift in Sources */ = {isa = PBXBuildFile; fileRef = 1917BB4F203639E7000D06DE /* MAXDateFormatter.swift */; };
		193BFA7B2037A049006D86DC /* MAXError.swift in Sources */ = {isa = PBXBuildFile; fileRef = 1917BB50203639E7000D06DE /* MAXError.swift */; };
		193BFA7C2037A049006D86DC /* MAXErrorReporter.swift in Sources */ = {isa = PBXBuildFile; fileRef = 1917BB51203639E7000D06DE /* MAXErrorReporter.swift */; };
		193BFA7D2037A049006D86DC /* MAXLinkHandler.swift in Sources */ = {isa = PBXBuildFile; fileRef = 1917BB52203639E7000D06DE /* MAXLinkHandler.swift */; };
		193BFA7E2037A049006D86DC /* MAXLogger.swift in Sources */ = {isa = PBXBuildFile; fileRef = 1917BB53203639E7000D06DE /* MAXLogger.swift */; };
		193BFA7F2037A049006D86DC /* MAXAdView.swift in Sources */ = {isa = PBXBuildFile; fileRef = 1917BB55203639E7000D06DE /* MAXAdView.swift */; };
		193BFA802037A049006D86DC /* MAXInterstitialAd.swift in Sources */ = {isa = PBXBuildFile; fileRef = 1917BB56203639E7000D06DE /* MAXInterstitialAd.swift */; };
		193BFA812037A049006D86DC /* MAXFacebookAdapter.swift in Sources */ = {isa = PBXBuildFile; fileRef = 1917BB59203639E7000D06DE /* MAXFacebookAdapter.swift */; };
		193BFA822037A049006D86DC /* MAXFacebookBannerAdapter.swift in Sources */ = {isa = PBXBuildFile; fileRef = 1917BB5A203639E7000D06DE /* MAXFacebookBannerAdapter.swift */; };
		193BFA832037A049006D86DC /* MAXFacebookInterstitialAdapter.swift in Sources */ = {isa = PBXBuildFile; fileRef = 1917BB5B203639E7000D06DE /* MAXFacebookInterstitialAdapter.swift */; };
		193BFA842037A049006D86DC /* MAXMoPubCustomEvent.swift in Sources */ = {isa = PBXBuildFile; fileRef = 1917BB5D203639E7000D06DE /* MAXMoPubCustomEvent.swift */; };
		193BFA852037A049006D86DC /* MAXMoPubRequestManager.swift in Sources */ = {isa = PBXBuildFile; fileRef = 1917BB5E203639E7000D06DE /* MAXMoPubRequestManager.swift */; };
		193BFA872037A057006D86DC /* MaxBrowser.m in Sources */ = {isa = PBXBuildFile; fileRef = 1917BB14203639E7000D06DE /* MaxBrowser.m */; };
		193BFA882037A057006D86DC /* MaxBrowserControlsView.m in Sources */ = {isa = PBXBuildFile; fileRef = 1917BB16203639E7000D06DE /* MaxBrowserControlsView.m */; };
		193BFA892037A057006D86DC /* MaxCommonLogger.m in Sources */ = {isa = PBXBuildFile; fileRef = 1917BB1A203639E7000D06DE /* MaxCommonLogger.m */; };
		193BFA8A2037A057006D86DC /* MaxCommonSettings.m in Sources */ = {isa = PBXBuildFile; fileRef = 1917BB1C203639E7000D06DE /* MaxCommonSettings.m */; };
		193BFA8B2037A057006D86DC /* MaxMRAIDInterstitial.m in Sources */ = {isa = PBXBuildFile; fileRef = 1917BB1F203639E7000D06DE /* MaxMRAIDInterstitial.m */; };
		193BFA8C2037A057006D86DC /* MaxMRAIDModalViewController.m in Sources */ = {isa = PBXBuildFile; fileRef = 1917BB21203639E7000D06DE /* MaxMRAIDModalViewController.m */; };
		193BFA8D2037A057006D86DC /* MaxMRAIDOrientationProperties.m in Sources */ = {isa = PBXBuildFile; fileRef = 1917BB23203639E7000D06DE /* MaxMRAIDOrientationProperties.m */; };
		193BFA8E2037A057006D86DC /* MaxMRAIDParser.m in Sources */ = {isa = PBXBuildFile; fileRef = 1917BB25203639E7000D06DE /* MaxMRAIDParser.m */; };
		193BFA8F2037A057006D86DC /* MaxMRAIDResizeProperties.m in Sources */ = {isa = PBXBuildFile; fileRef = 1917BB27203639E7000D06DE /* MaxMRAIDResizeProperties.m */; };
		193BFA902037A057006D86DC /* MaxMRAIDSettings.m in Sources */ = {isa = PBXBuildFile; fileRef = 1917BB2A203639E7000D06DE /* MaxMRAIDSettings.m */; };
		193BFA912037A057006D86DC /* MaxMRAIDUtil.m in Sources */ = {isa = PBXBuildFile; fileRef = 1917BB2C203639E7000D06DE /* MaxMRAIDUtil.m */; };
		193BFA922037A057006D86DC /* MaxMRAIDView.m in Sources */ = {isa = PBXBuildFile; fileRef = 1917BB2E203639E7000D06DE /* MaxMRAIDView.m */; };
		193BFA932037A057006D86DC /* MaxReachability.m in Sources */ = {isa = PBXBuildFile; fileRef = 1917BB30203639E7000D06DE /* MaxReachability.m */; };
		193BFA942037A057006D86DC /* MaxVAST2Parser.m in Sources */ = {isa = PBXBuildFile; fileRef = 1917BB33203639E7000D06DE /* MaxVAST2Parser.m */; };
		193BFA952037A057006D86DC /* MaxVASTControls.m in Sources */ = {isa = PBXBuildFile; fileRef = 1917BB35203639E7000D06DE /* MaxVASTControls.m */; };
		193BFA962037A057006D86DC /* MaxVASTEventProcessor.m in Sources */ = {isa = PBXBuildFile; fileRef = 1917BB38203639E7000D06DE /* MaxVASTEventProcessor.m */; };
		193BFA972037A057006D86DC /* MaxVASTMediaFile.m in Sources */ = {isa = PBXBuildFile; fileRef = 1917BB3A203639E7000D06DE /* MaxVASTMediaFile.m */; };
		193BFA982037A057006D86DC /* MaxVASTMediaFilePicker.m in Sources */ = {isa = PBXBuildFile; fileRef = 1917BB3C203639E7000D06DE /* MaxVASTMediaFilePicker.m */; };
		193BFA992037A057006D86DC /* MaxVASTModel.m in Sources */ = {isa = PBXBuildFile; fileRef = 1917BB3E203639E7000D06DE /* MaxVASTModel.m */; };
		193BFA9A2037A057006D86DC /* MaxVASTSettings.m in Sources */ = {isa = PBXBuildFile; fileRef = 1917BB41203639E7000D06DE /* MaxVASTSettings.m */; };
		193BFA9B2037A057006D86DC /* MaxVASTUrlWithId.m in Sources */ = {isa = PBXBuildFile; fileRef = 1917BB43203639E7000D06DE /* MaxVASTUrlWithId.m */; };
		193BFA9C2037A057006D86DC /* MaxVASTViewController.m in Sources */ = {isa = PBXBuildFile; fileRef = 1917BB45203639E7000D06DE /* MaxVASTViewController.m */; };
		193BFA9D2037A057006D86DC /* MaxVASTXMLUtil.m in Sources */ = {isa = PBXBuildFile; fileRef = 1917BB47203639E7000D06DE /* MaxVASTXMLUtil.m */; };
		193BFAA62037A0AE006D86DC /* MaxMRAIDInterstitial.h in Headers */ = {isa = PBXBuildFile; fileRef = 1917BB1E203639E7000D06DE /* MaxMRAIDInterstitial.h */; settings = {ATTRIBUTES = (Public, ); }; };
		193BFAAB2037A0AE006D86DC /* MaxMRAIDServiceDelegate.h in Headers */ = {isa = PBXBuildFile; fileRef = 1917BB28203639E7000D06DE /* MaxMRAIDServiceDelegate.h */; settings = {ATTRIBUTES = (Public, ); }; };
		193BFAAE2037A0AE006D86DC /* MaxMRAIDView.h in Headers */ = {isa = PBXBuildFile; fileRef = 1917BB2D203639E7000D06DE /* MaxMRAIDView.h */; settings = {ATTRIBUTES = (Public, ); }; };
		193BFAAF2037A0AE006D86DC /* MaxReachability.h in Headers */ = {isa = PBXBuildFile; fileRef = 1917BB2F203639E7000D06DE /* MaxReachability.h */; settings = {ATTRIBUTES = (Public, ); }; };
		193BFAB22037A0AE006D86DC /* MaxVASTError.h in Headers */ = {isa = PBXBuildFile; fileRef = 1917BB36203639E7000D06DE /* MaxVASTError.h */; settings = {ATTRIBUTES = (Public, ); }; };
		193BFABA2037A0AE006D86DC /* MaxVASTViewController.h in Headers */ = {isa = PBXBuildFile; fileRef = 1917BB44203639E7000D06DE /* MaxVASTViewController.h */; settings = {ATTRIBUTES = (Public, ); }; };
		193BFABC2037A0F4006D86DC /* MaxCommonLogger.h in Headers */ = {isa = PBXBuildFile; fileRef = 1917BB19203639E7000D06DE /* MaxCommonLogger.h */; settings = {ATTRIBUTES = (Public, ); }; };
		193BFB0A2037A650006D86DC /* MAXAdViewAdapter.swift in Sources */ = {isa = PBXBuildFile; fileRef = 1917BAF3203639E7000D06DE /* MAXAdViewAdapter.swift */; };
		193BFB0B2037A650006D86DC /* MAXInterstitialAdapter.swift in Sources */ = {isa = PBXBuildFile; fileRef = 1917BAF4203639E7000D06DE /* MAXInterstitialAdapter.swift */; };
		193BFB0C2037A650006D86DC /* MAXTokenProvider.swift in Sources */ = {isa = PBXBuildFile; fileRef = 1917BAF5203639E7000D06DE /* MAXTokenProvider.swift */; };
		193BFB0D2037A650006D86DC /* MAXAdRequest.swift in Sources */ = {isa = PBXBuildFile; fileRef = 1917BAF7203639E7000D06DE /* MAXAdRequest.swift */; };
		193BFB0E2037A650006D86DC /* MAXAdRequestManager.swift in Sources */ = {isa = PBXBuildFile; fileRef = 1917BAF8203639E7000D06DE /* MAXAdRequestManager.swift */; };
		193BFB0F2037A650006D86DC /* MAXAdResponse.swift in Sources */ = {isa = PBXBuildFile; fileRef = 1917BAF9203639E7000D06DE /* MAXAdResponse.swift */; };
		193BFB102037A650006D86DC /* MAXAPIConstants.swift in Sources */ = {isa = PBXBuildFile; fileRef = 1917BAFA203639E7000D06DE /* MAXAPIConstants.swift */; };
		193BFB112037A650006D86DC /* MAXUserAgent.swift in Sources */ = {isa = PBXBuildFile; fileRef = 1917BAFB203639E7000D06DE /* MAXUserAgent.swift */; };
		193BFB122037A650006D86DC /* MAXConfiguration.swift in Sources */ = {isa = PBXBuildFile; fileRef = 1917BB0E203639E7000D06DE /* MAXConfiguration.swift */; };
		193BFB132037A650006D86DC /* MAXLocationProvider.swift in Sources */ = {isa = PBXBuildFile; fileRef = 1917BB0F203639E7000D06DE /* MAXLocationProvider.swift */; };
		193BFB142037A650006D86DC /* MAXSession.swift in Sources */ = {isa = PBXBuildFile; fileRef = 1917BB31203639E7000D06DE /* MAXSession.swift */; };
		193BFB162037A650006D86DC /* MAXConcurrentDictionary.swift in Sources */ = {isa = PBXBuildFile; fileRef = 1917BB4E203639E7000D06DE /* MAXConcurrentDictionary.swift */; };
		193BFB172037A650006D86DC /* MAXDateFormatter.swift in Sources */ = {isa = PBXBuildFile; fileRef = 1917BB4F203639E7000D06DE /* MAXDateFormatter.swift */; };
		193BFB182037A650006D86DC /* MAXError.swift in Sources */ = {isa = PBXBuildFile; fileRef = 1917BB50203639E7000D06DE /* MAXError.swift */; };
		193BFB192037A650006D86DC /* MAXErrorReporter.swift in Sources */ = {isa = PBXBuildFile; fileRef = 1917BB51203639E7000D06DE /* MAXErrorReporter.swift */; };
		193BFB1A2037A650006D86DC /* MAXLinkHandler.swift in Sources */ = {isa = PBXBuildFile; fileRef = 1917BB52203639E7000D06DE /* MAXLinkHandler.swift */; };
		193BFB1B2037A650006D86DC /* MAXLogger.swift in Sources */ = {isa = PBXBuildFile; fileRef = 1917BB53203639E7000D06DE /* MAXLogger.swift */; };
		193BFB1C2037A650006D86DC /* MAXAdView.swift in Sources */ = {isa = PBXBuildFile; fileRef = 1917BB55203639E7000D06DE /* MAXAdView.swift */; };
		193BFB1D2037A650006D86DC /* MAXInterstitialAd.swift in Sources */ = {isa = PBXBuildFile; fileRef = 1917BB56203639E7000D06DE /* MAXInterstitialAd.swift */; };
		193BFB1E2037A650006D86DC /* MAXFacebookAdapter.swift in Sources */ = {isa = PBXBuildFile; fileRef = 1917BB59203639E7000D06DE /* MAXFacebookAdapter.swift */; };
		193BFB1F2037A650006D86DC /* MAXFacebookBannerAdapter.swift in Sources */ = {isa = PBXBuildFile; fileRef = 1917BB5A203639E7000D06DE /* MAXFacebookBannerAdapter.swift */; };
		193BFB202037A650006D86DC /* MAXFacebookInterstitialAdapter.swift in Sources */ = {isa = PBXBuildFile; fileRef = 1917BB5B203639E7000D06DE /* MAXFacebookInterstitialAdapter.swift */; };
		193BFB212037A650006D86DC /* MAXMoPubCustomEvent.swift in Sources */ = {isa = PBXBuildFile; fileRef = 1917BB5D203639E7000D06DE /* MAXMoPubCustomEvent.swift */; };
		193BFB222037A650006D86DC /* MAXMoPubRequestManager.swift in Sources */ = {isa = PBXBuildFile; fileRef = 1917BB5E203639E7000D06DE /* MAXMoPubRequestManager.swift */; };
		193BFB232037A650006D86DC /* MAXAdRequestManagerSpec.swift in Sources */ = {isa = PBXBuildFile; fileRef = 193BFAD12037A2D0006D86DC /* MAXAdRequestManagerSpec.swift */; };
		193BFB242037A650006D86DC /* MAXAdRequestSpec.swift in Sources */ = {isa = PBXBuildFile; fileRef = 193BFAD22037A2D0006D86DC /* MAXAdRequestSpec.swift */; };
		193BFB252037A650006D86DC /* MAXAdResponseSpec.swift in Sources */ = {isa = PBXBuildFile; fileRef = 193BFAD32037A2D0006D86DC /* MAXAdResponseSpec.swift */; };
		193BFB262037A650006D86DC /* MAXFacebookBannerAdapterSpec.swift in Sources */ = {isa = PBXBuildFile; fileRef = 193BFABE2037A2D0006D86DC /* MAXFacebookBannerAdapterSpec.swift */; };
		193BFB272037A650006D86DC /* MAXFacebookInterstitialAdapterSpec.swift in Sources */ = {isa = PBXBuildFile; fileRef = 193BFABF2037A2D0006D86DC /* MAXFacebookInterstitialAdapterSpec.swift */; };
		193BFB282037A650006D86DC /* MAXLocationProviderSpec.swift in Sources */ = {isa = PBXBuildFile; fileRef = 193BFAC02037A2D0006D86DC /* MAXLocationProviderSpec.swift */; };
		193BFB292037A650006D86DC /* MAXMoPubAdRequestManagerSpec.swift in Sources */ = {isa = PBXBuildFile; fileRef = 193BFACF2037A2D0006D86DC /* MAXMoPubAdRequestManagerSpec.swift */; };
		193BFB2A2037A650006D86DC /* MAXResponseCacheSpec.swift in Sources */ = {isa = PBXBuildFile; fileRef = 193BFAC12037A2D0006D86DC /* MAXResponseCacheSpec.swift */; };
		193BFB2B2037A650006D86DC /* MAXSessionSpec.swift in Sources */ = {isa = PBXBuildFile; fileRef = 193BFAD82037A2D1006D86DC /* MAXSessionSpec.swift */; };
		193BFB2C2037A650006D86DC /* MAXTokenProviderSpec.swift in Sources */ = {isa = PBXBuildFile; fileRef = 193BFAD42037A2D1006D86DC /* MAXTokenProviderSpec.swift */; };
		193BFB2D2037A650006D86DC /* MockNotificationCenter.swift in Sources */ = {isa = PBXBuildFile; fileRef = 193BFAC32037A2D0006D86DC /* MockNotificationCenter.swift */; };
		193BFB2E2037A650006D86DC /* MockURLSession.swift in Sources */ = {isa = PBXBuildFile; fileRef = 193BFAC42037A2D0006D86DC /* MockURLSession.swift */; };
		193BFB2F2037A650006D86DC /* MAXAdRequestManagerStub.swift in Sources */ = {isa = PBXBuildFile; fileRef = 193BFAC62037A2D0006D86DC /* MAXAdRequestManagerStub.swift */; };
		193BFB302037A650006D86DC /* MAXAdRequestStub.swift in Sources */ = {isa = PBXBuildFile; fileRef = 193BFAC72037A2D0006D86DC /* MAXAdRequestStub.swift */; };
		193BFB312037A650006D86DC /* MAXAdResponseStub.swift in Sources */ = {isa = PBXBuildFile; fileRef = 193BFAC82037A2D0006D86DC /* MAXAdResponseStub.swift */; };
		193BFB322037A650006D86DC /* MAXErrorReporterStub.swift in Sources */ = {isa = PBXBuildFile; fileRef = 193BFAC92037A2D0006D86DC /* MAXErrorReporterStub.swift */; };
		193BFB332037A650006D86DC /* MAXLocationProviderStub.swift in Sources */ = {isa = PBXBuildFile; fileRef = 193BFACA2037A2D0006D86DC /* MAXLocationProviderStub.swift */; };
		193BFB342037A650006D86DC /* MAXSessionStub.swift in Sources */ = {isa = PBXBuildFile; fileRef = 193BFACB2037A2D0006D86DC /* MAXSessionStub.swift */; };
		193BFB352037A650006D86DC /* MAXDateFormatterSpec.swift in Sources */ = {isa = PBXBuildFile; fileRef = 193BFACD2037A2D0006D86DC /* MAXDateFormatterSpec.swift */; };
		193BFB362037A650006D86DC /* MAXErrorReporterSpec.swift in Sources */ = {isa = PBXBuildFile; fileRef = 193BFACE2037A2D0006D86DC /* MAXErrorReporterSpec.swift */; };
		193BFB372037A650006D86DC /* MAXAdViewSpec.swift in Sources */ = {isa = PBXBuildFile; fileRef = 193BFAD62037A2D1006D86DC /* MAXAdViewSpec.swift */; };
		193BFB382037A650006D86DC /* MAXInterstitialAdSpec.swift in Sources */ = {isa = PBXBuildFile; fileRef = 193BFAD72037A2D1006D86DC /* MAXInterstitialAdSpec.swift */; };
		193BFB3A2037A786006D86DC /* MAX.framework in Frameworks */ = {isa = PBXBuildFile; fileRef = 193BFA56203799EA006D86DC /* MAX.framework */; settings = {ATTRIBUTES = (Required, ); }; };
		19A3DFDA2037B6ED00D1CAF0 /* MAXBaseLogger.swift in Sources */ = {isa = PBXBuildFile; fileRef = 19A3DFD92037B6EC00D1CAF0 /* MAXBaseLogger.swift */; };
		19A3DFDB2037B6ED00D1CAF0 /* MAXBaseLogger.swift in Sources */ = {isa = PBXBuildFile; fileRef = 19A3DFD92037B6EC00D1CAF0 /* MAXBaseLogger.swift */; };
		19A3DFDC2037B6ED00D1CAF0 /* MAXBaseLogger.swift in Sources */ = {isa = PBXBuildFile; fileRef = 19A3DFD92037B6EC00D1CAF0 /* MAXBaseLogger.swift */; };
		19A3DFDE2037B71900D1CAF0 /* MAXAds.swift in Sources */ = {isa = PBXBuildFile; fileRef = 19A3DFDD2037B71900D1CAF0 /* MAXAds.swift */; };
		19A3DFDF2037B71900D1CAF0 /* MAXAds.swift in Sources */ = {isa = PBXBuildFile; fileRef = 19A3DFDD2037B71900D1CAF0 /* MAXAds.swift */; };
		19A3DFE02037B71900D1CAF0 /* MAXAds.swift in Sources */ = {isa = PBXBuildFile; fileRef = 19A3DFDD2037B71900D1CAF0 /* MAXAds.swift */; };
		2CBE02FA97EB468BBECFF44F /* Pods_MAX.framework in Frameworks */ = {isa = PBXBuildFile; fileRef = 53060C259F3AB4781C0321CB /* Pods_MAX.framework */; };
		70E144D05B6D64868E1610C4 /* Pods_MAXLib.framework in Frameworks */ = {isa = PBXBuildFile; fileRef = A879746A94A313A557EA6E8F /* Pods_MAXLib.framework */; };
		F3EBC2E22DCD0004E60CE90A /* Pods_MAXTests.framework in Frameworks */ = {isa = PBXBuildFile; fileRef = 0BE3AC258AF05842F8D0A8C3 /* Pods_MAXTests.framework */; };
/* End PBXBuildFile section */

/* Begin PBXContainerItemProxy section */
		193BFA60203799EB006D86DC /* PBXContainerItemProxy */ = {
			isa = PBXContainerItemProxy;
			containerPortal = 1917BADD203639B6000D06DE /* Project object */;
			proxyType = 1;
			remoteGlobalIDString = 193BFA55203799EA006D86DC;
			remoteInfo = MAX;
		};
/* End PBXContainerItemProxy section */

/* Begin PBXCopyFilesBuildPhase section */
		193BF9FA203797CE006D86DC /* CopyFiles */ = {
			isa = PBXCopyFilesBuildPhase;
			buildActionMask = 2147483647;
			dstPath = "include/$(PRODUCT_NAME)";
			dstSubfolderSpec = 16;
			files = (
			);
			runOnlyForDeploymentPostprocessing = 0;
		};
/* End PBXCopyFilesBuildPhase section */

/* Begin PBXFileReference section */
		0BE3AC258AF05842F8D0A8C3 /* Pods_MAXTests.framework */ = {isa = PBXFileReference; explicitFileType = wrapper.framework; includeInIndex = 0; path = Pods_MAXTests.framework; sourceTree = BUILT_PRODUCTS_DIR; };
		1917BAF3203639E7000D06DE /* MAXAdViewAdapter.swift */ = {isa = PBXFileReference; lastKnownFileType = sourcecode.swift; path = MAXAdViewAdapter.swift; sourceTree = "<group>"; };
		1917BAF4203639E7000D06DE /* MAXInterstitialAdapter.swift */ = {isa = PBXFileReference; lastKnownFileType = sourcecode.swift; path = MAXInterstitialAdapter.swift; sourceTree = "<group>"; };
		1917BAF5203639E7000D06DE /* MAXTokenProvider.swift */ = {isa = PBXFileReference; lastKnownFileType = sourcecode.swift; path = MAXTokenProvider.swift; sourceTree = "<group>"; };
		1917BAF7203639E7000D06DE /* MAXAdRequest.swift */ = {isa = PBXFileReference; lastKnownFileType = sourcecode.swift; path = MAXAdRequest.swift; sourceTree = "<group>"; };
		1917BAF8203639E7000D06DE /* MAXAdRequestManager.swift */ = {isa = PBXFileReference; lastKnownFileType = sourcecode.swift; path = MAXAdRequestManager.swift; sourceTree = "<group>"; };
		1917BAF9203639E7000D06DE /* MAXAdResponse.swift */ = {isa = PBXFileReference; lastKnownFileType = sourcecode.swift; path = MAXAdResponse.swift; sourceTree = "<group>"; };
		1917BAFA203639E7000D06DE /* MAXAPIConstants.swift */ = {isa = PBXFileReference; lastKnownFileType = sourcecode.swift; path = MAXAPIConstants.swift; sourceTree = "<group>"; };
		1917BAFB203639E7000D06DE /* MAXUserAgent.swift */ = {isa = PBXFileReference; lastKnownFileType = sourcecode.swift; path = MAXUserAgent.swift; sourceTree = "<group>"; };
		1917BAFE203639E7000D06DE /* LICENSE */ = {isa = PBXFileReference; lastKnownFileType = text; path = LICENSE; sourceTree = "<group>"; };
		1917BAFF203639E7000D06DE /* README.md */ = {isa = PBXFileReference; lastKnownFileType = net.daringfireball.markdown; path = README.md; sourceTree = "<group>"; };
		1917BB01203639E7000D06DE /* CloseButton.png */ = {isa = PBXFileReference; lastKnownFileType = image.png; path = CloseButton.png; sourceTree = "<group>"; };
		1917BB02203639E7000D06DE /* mraid.js */ = {isa = PBXFileReference; lastKnownFileType = sourcecode.javascript; path = mraid.js; sourceTree = "<group>"; };
		1917BB04203639E7000D06DE /* LICENSE */ = {isa = PBXFileReference; lastKnownFileType = text; path = LICENSE; sourceTree = "<group>"; };
		1917BB05203639E7000D06DE /* README.md */ = {isa = PBXFileReference; lastKnownFileType = net.daringfireball.markdown; path = README.md; sourceTree = "<group>"; };
		1917BB07203639E7000D06DE /* BackButton.png */ = {isa = PBXFileReference; lastKnownFileType = image.png; path = BackButton.png; sourceTree = "<group>"; };
		1917BB08203639E7000D06DE /* ForwardButton.png */ = {isa = PBXFileReference; lastKnownFileType = image.png; path = ForwardButton.png; sourceTree = "<group>"; };
		1917BB0A203639E7000D06DE /* LICENSE */ = {isa = PBXFileReference; lastKnownFileType = text; path = LICENSE; sourceTree = "<group>"; };
		1917BB0B203639E7000D06DE /* README.md */ = {isa = PBXFileReference; lastKnownFileType = net.daringfireball.markdown; path = README.md; sourceTree = "<group>"; };
		1917BB0D203639E7000D06DE /* vast_2.0.1.xsd */ = {isa = PBXFileReference; lastKnownFileType = text.xml; path = vast_2.0.1.xsd; sourceTree = "<group>"; };
		1917BB0E203639E7000D06DE /* MAXConfiguration.swift */ = {isa = PBXFileReference; lastKnownFileType = sourcecode.swift; path = MAXConfiguration.swift; sourceTree = "<group>"; };
		1917BB0F203639E7000D06DE /* MAXLocationProvider.swift */ = {isa = PBXFileReference; lastKnownFileType = sourcecode.swift; path = MAXLocationProvider.swift; sourceTree = "<group>"; };
		1917BB11203639E7000D06DE /* max_mraidjs.h */ = {isa = PBXFileReference; lastKnownFileType = sourcecode.c.h; path = max_mraidjs.h; sourceTree = "<group>"; };
		1917BB13203639E7000D06DE /* MaxBrowser.h */ = {isa = PBXFileReference; lastKnownFileType = sourcecode.c.h; path = MaxBrowser.h; sourceTree = "<group>"; };
		1917BB14203639E7000D06DE /* MaxBrowser.m */ = {isa = PBXFileReference; lastKnownFileType = sourcecode.c.objc; path = MaxBrowser.m; sourceTree = "<group>"; };
		1917BB15203639E7000D06DE /* MaxBrowserControlsView.h */ = {isa = PBXFileReference; lastKnownFileType = sourcecode.c.h; path = MaxBrowserControlsView.h; sourceTree = "<group>"; };
		1917BB16203639E7000D06DE /* MaxBrowserControlsView.m */ = {isa = PBXFileReference; lastKnownFileType = sourcecode.c.objc; path = MaxBrowserControlsView.m; sourceTree = "<group>"; };
		1917BB17203639E7000D06DE /* MaxCommonBackButton.h */ = {isa = PBXFileReference; lastKnownFileType = sourcecode.c.h; path = MaxCommonBackButton.h; sourceTree = "<group>"; };
		1917BB18203639E7000D06DE /* MaxCommonCloseButton.h */ = {isa = PBXFileReference; lastKnownFileType = sourcecode.c.h; path = MaxCommonCloseButton.h; sourceTree = "<group>"; };
		1917BB19203639E7000D06DE /* MaxCommonLogger.h */ = {isa = PBXFileReference; lastKnownFileType = sourcecode.c.h; path = MaxCommonLogger.h; sourceTree = "<group>"; };
		1917BB1A203639E7000D06DE /* MaxCommonLogger.m */ = {isa = PBXFileReference; lastKnownFileType = sourcecode.c.objc; path = MaxCommonLogger.m; sourceTree = "<group>"; };
		1917BB1B203639E7000D06DE /* MaxCommonSettings.h */ = {isa = PBXFileReference; lastKnownFileType = sourcecode.c.h; path = MaxCommonSettings.h; sourceTree = "<group>"; };
		1917BB1C203639E7000D06DE /* MaxCommonSettings.m */ = {isa = PBXFileReference; lastKnownFileType = sourcecode.c.objc; path = MaxCommonSettings.m; sourceTree = "<group>"; };
		1917BB1D203639E7000D06DE /* MaxForwardButton.h */ = {isa = PBXFileReference; lastKnownFileType = sourcecode.c.h; path = MaxForwardButton.h; sourceTree = "<group>"; };
		1917BB1E203639E7000D06DE /* MaxMRAIDInterstitial.h */ = {isa = PBXFileReference; lastKnownFileType = sourcecode.c.h; path = MaxMRAIDInterstitial.h; sourceTree = "<group>"; };
		1917BB1F203639E7000D06DE /* MaxMRAIDInterstitial.m */ = {isa = PBXFileReference; lastKnownFileType = sourcecode.c.objc; path = MaxMRAIDInterstitial.m; sourceTree = "<group>"; };
		1917BB20203639E7000D06DE /* MaxMRAIDModalViewController.h */ = {isa = PBXFileReference; lastKnownFileType = sourcecode.c.h; path = MaxMRAIDModalViewController.h; sourceTree = "<group>"; };
		1917BB21203639E7000D06DE /* MaxMRAIDModalViewController.m */ = {isa = PBXFileReference; lastKnownFileType = sourcecode.c.objc; path = MaxMRAIDModalViewController.m; sourceTree = "<group>"; };
		1917BB22203639E7000D06DE /* MaxMRAIDOrientationProperties.h */ = {isa = PBXFileReference; lastKnownFileType = sourcecode.c.h; path = MaxMRAIDOrientationProperties.h; sourceTree = "<group>"; };
		1917BB23203639E7000D06DE /* MaxMRAIDOrientationProperties.m */ = {isa = PBXFileReference; lastKnownFileType = sourcecode.c.objc; path = MaxMRAIDOrientationProperties.m; sourceTree = "<group>"; };
		1917BB24203639E7000D06DE /* MaxMRAIDParser.h */ = {isa = PBXFileReference; lastKnownFileType = sourcecode.c.h; path = MaxMRAIDParser.h; sourceTree = "<group>"; };
		1917BB25203639E7000D06DE /* MaxMRAIDParser.m */ = {isa = PBXFileReference; lastKnownFileType = sourcecode.c.objc; path = MaxMRAIDParser.m; sourceTree = "<group>"; };
		1917BB26203639E7000D06DE /* MaxMRAIDResizeProperties.h */ = {isa = PBXFileReference; lastKnownFileType = sourcecode.c.h; path = MaxMRAIDResizeProperties.h; sourceTree = "<group>"; };
		1917BB27203639E7000D06DE /* MaxMRAIDResizeProperties.m */ = {isa = PBXFileReference; lastKnownFileType = sourcecode.c.objc; path = MaxMRAIDResizeProperties.m; sourceTree = "<group>"; };
		1917BB28203639E7000D06DE /* MaxMRAIDServiceDelegate.h */ = {isa = PBXFileReference; lastKnownFileType = sourcecode.c.h; path = MaxMRAIDServiceDelegate.h; sourceTree = "<group>"; };
		1917BB29203639E7000D06DE /* MaxMRAIDSettings.h */ = {isa = PBXFileReference; lastKnownFileType = sourcecode.c.h; path = MaxMRAIDSettings.h; sourceTree = "<group>"; };
		1917BB2A203639E7000D06DE /* MaxMRAIDSettings.m */ = {isa = PBXFileReference; lastKnownFileType = sourcecode.c.objc; path = MaxMRAIDSettings.m; sourceTree = "<group>"; };
		1917BB2B203639E7000D06DE /* MaxMRAIDUtil.h */ = {isa = PBXFileReference; lastKnownFileType = sourcecode.c.h; path = MaxMRAIDUtil.h; sourceTree = "<group>"; };
		1917BB2C203639E7000D06DE /* MaxMRAIDUtil.m */ = {isa = PBXFileReference; lastKnownFileType = sourcecode.c.objc; path = MaxMRAIDUtil.m; sourceTree = "<group>"; };
		1917BB2D203639E7000D06DE /* MaxMRAIDView.h */ = {isa = PBXFileReference; lastKnownFileType = sourcecode.c.h; path = MaxMRAIDView.h; sourceTree = "<group>"; };
		1917BB2E203639E7000D06DE /* MaxMRAIDView.m */ = {isa = PBXFileReference; lastKnownFileType = sourcecode.c.objc; path = MaxMRAIDView.m; sourceTree = "<group>"; };
		1917BB2F203639E7000D06DE /* MaxReachability.h */ = {isa = PBXFileReference; lastKnownFileType = sourcecode.c.h; path = MaxReachability.h; sourceTree = "<group>"; };
		1917BB30203639E7000D06DE /* MaxReachability.m */ = {isa = PBXFileReference; lastKnownFileType = sourcecode.c.objc; path = MaxReachability.m; sourceTree = "<group>"; };
		1917BB31203639E7000D06DE /* MAXSession.swift */ = {isa = PBXFileReference; lastKnownFileType = sourcecode.swift; path = MAXSession.swift; sourceTree = "<group>"; };
		1917BB32203639E7000D06DE /* MaxVAST2Parser.h */ = {isa = PBXFileReference; lastKnownFileType = sourcecode.c.h; path = MaxVAST2Parser.h; sourceTree = "<group>"; };
		1917BB33203639E7000D06DE /* MaxVAST2Parser.m */ = {isa = PBXFileReference; lastKnownFileType = sourcecode.c.objc; path = MaxVAST2Parser.m; sourceTree = "<group>"; };
		1917BB34203639E7000D06DE /* MaxVASTControls.h */ = {isa = PBXFileReference; lastKnownFileType = sourcecode.c.h; path = MaxVASTControls.h; sourceTree = "<group>"; };
		1917BB35203639E7000D06DE /* MaxVASTControls.m */ = {isa = PBXFileReference; lastKnownFileType = sourcecode.c.objc; path = MaxVASTControls.m; sourceTree = "<group>"; };
		1917BB36203639E7000D06DE /* MaxVASTError.h */ = {isa = PBXFileReference; lastKnownFileType = sourcecode.c.h; path = MaxVASTError.h; sourceTree = "<group>"; };
		1917BB37203639E7000D06DE /* MaxVASTEventProcessor.h */ = {isa = PBXFileReference; lastKnownFileType = sourcecode.c.h; path = MaxVASTEventProcessor.h; sourceTree = "<group>"; };
		1917BB38203639E7000D06DE /* MaxVASTEventProcessor.m */ = {isa = PBXFileReference; lastKnownFileType = sourcecode.c.objc; path = MaxVASTEventProcessor.m; sourceTree = "<group>"; };
		1917BB39203639E7000D06DE /* MaxVASTMediaFile.h */ = {isa = PBXFileReference; lastKnownFileType = sourcecode.c.h; path = MaxVASTMediaFile.h; sourceTree = "<group>"; };
		1917BB3A203639E7000D06DE /* MaxVASTMediaFile.m */ = {isa = PBXFileReference; lastKnownFileType = sourcecode.c.objc; path = MaxVASTMediaFile.m; sourceTree = "<group>"; };
		1917BB3B203639E7000D06DE /* MaxVASTMediaFilePicker.h */ = {isa = PBXFileReference; lastKnownFileType = sourcecode.c.h; path = MaxVASTMediaFilePicker.h; sourceTree = "<group>"; };
		1917BB3C203639E7000D06DE /* MaxVASTMediaFilePicker.m */ = {isa = PBXFileReference; lastKnownFileType = sourcecode.c.objc; path = MaxVASTMediaFilePicker.m; sourceTree = "<group>"; };
		1917BB3D203639E7000D06DE /* MaxVASTModel.h */ = {isa = PBXFileReference; lastKnownFileType = sourcecode.c.h; path = MaxVASTModel.h; sourceTree = "<group>"; };
		1917BB3E203639E7000D06DE /* MaxVASTModel.m */ = {isa = PBXFileReference; lastKnownFileType = sourcecode.c.objc; path = MaxVASTModel.m; sourceTree = "<group>"; };
		1917BB3F203639E7000D06DE /* MaxVASTSchema.h */ = {isa = PBXFileReference; lastKnownFileType = sourcecode.c.h; path = MaxVASTSchema.h; sourceTree = "<group>"; };
		1917BB40203639E7000D06DE /* MaxVASTSettings.h */ = {isa = PBXFileReference; lastKnownFileType = sourcecode.c.h; path = MaxVASTSettings.h; sourceTree = "<group>"; };
		1917BB41203639E7000D06DE /* MaxVASTSettings.m */ = {isa = PBXFileReference; lastKnownFileType = sourcecode.c.objc; path = MaxVASTSettings.m; sourceTree = "<group>"; };
		1917BB42203639E7000D06DE /* MaxVASTUrlWithId.h */ = {isa = PBXFileReference; lastKnownFileType = sourcecode.c.h; path = MaxVASTUrlWithId.h; sourceTree = "<group>"; };
		1917BB43203639E7000D06DE /* MaxVASTUrlWithId.m */ = {isa = PBXFileReference; lastKnownFileType = sourcecode.c.objc; path = MaxVASTUrlWithId.m; sourceTree = "<group>"; };
		1917BB44203639E7000D06DE /* MaxVASTViewController.h */ = {isa = PBXFileReference; lastKnownFileType = sourcecode.c.h; path = MaxVASTViewController.h; sourceTree = "<group>"; };
		1917BB45203639E7000D06DE /* MaxVASTViewController.m */ = {isa = PBXFileReference; lastKnownFileType = sourcecode.c.objc; path = MaxVASTViewController.m; sourceTree = "<group>"; };
		1917BB46203639E7000D06DE /* MaxVASTXMLUtil.h */ = {isa = PBXFileReference; lastKnownFileType = sourcecode.c.h; path = MaxVASTXMLUtil.h; sourceTree = "<group>"; };
		1917BB47203639E7000D06DE /* MaxVASTXMLUtil.m */ = {isa = PBXFileReference; lastKnownFileType = sourcecode.c.objc; path = MaxVASTXMLUtil.m; sourceTree = "<group>"; };
		1917BB4E203639E7000D06DE /* MAXConcurrentDictionary.swift */ = {isa = PBXFileReference; lastKnownFileType = sourcecode.swift; path = MAXConcurrentDictionary.swift; sourceTree = "<group>"; };
		1917BB4F203639E7000D06DE /* MAXDateFormatter.swift */ = {isa = PBXFileReference; lastKnownFileType = sourcecode.swift; path = MAXDateFormatter.swift; sourceTree = "<group>"; };
		1917BB50203639E7000D06DE /* MAXError.swift */ = {isa = PBXFileReference; lastKnownFileType = sourcecode.swift; path = MAXError.swift; sourceTree = "<group>"; };
		1917BB51203639E7000D06DE /* MAXErrorReporter.swift */ = {isa = PBXFileReference; lastKnownFileType = sourcecode.swift; path = MAXErrorReporter.swift; sourceTree = "<group>"; };
		1917BB52203639E7000D06DE /* MAXLinkHandler.swift */ = {isa = PBXFileReference; lastKnownFileType = sourcecode.swift; path = MAXLinkHandler.swift; sourceTree = "<group>"; };
		1917BB53203639E7000D06DE /* MAXLogger.swift */ = {isa = PBXFileReference; lastKnownFileType = sourcecode.swift; path = MAXLogger.swift; sourceTree = "<group>"; };
		1917BB55203639E7000D06DE /* MAXAdView.swift */ = {isa = PBXFileReference; lastKnownFileType = sourcecode.swift; path = MAXAdView.swift; sourceTree = "<group>"; };
		1917BB56203639E7000D06DE /* MAXInterstitialAd.swift */ = {isa = PBXFileReference; lastKnownFileType = sourcecode.swift; path = MAXInterstitialAd.swift; sourceTree = "<group>"; };
		1917BB59203639E7000D06DE /* MAXFacebookAdapter.swift */ = {isa = PBXFileReference; lastKnownFileType = sourcecode.swift; path = MAXFacebookAdapter.swift; sourceTree = "<group>"; };
		1917BB5A203639E7000D06DE /* MAXFacebookBannerAdapter.swift */ = {isa = PBXFileReference; lastKnownFileType = sourcecode.swift; path = MAXFacebookBannerAdapter.swift; sourceTree = "<group>"; };
		1917BB5B203639E7000D06DE /* MAXFacebookInterstitialAdapter.swift */ = {isa = PBXFileReference; lastKnownFileType = sourcecode.swift; path = MAXFacebookInterstitialAdapter.swift; sourceTree = "<group>"; };
		1917BB5D203639E7000D06DE /* MAXMoPubCustomEvent.swift */ = {isa = PBXFileReference; lastKnownFileType = sourcecode.swift; path = MAXMoPubCustomEvent.swift; sourceTree = "<group>"; };
		1917BB5E203639E7000D06DE /* MAXMoPubRequestManager.swift */ = {isa = PBXFileReference; lastKnownFileType = sourcecode.swift; path = MAXMoPubRequestManager.swift; sourceTree = "<group>"; };
		191AB5B720363ED700501922 /* MAX-Bridging-Header.h */ = {isa = PBXFileReference; lastKnownFileType = sourcecode.c.h; path = "MAX-Bridging-Header.h"; sourceTree = "<group>"; };
		193BF9FC203797CE006D86DC /* libMAXLib.a */ = {isa = PBXFileReference; explicitFileType = archive.ar; includeInIndex = 0; path = libMAXLib.a; sourceTree = BUILT_PRODUCTS_DIR; };
		193BFA56203799EA006D86DC /* MAX.framework */ = {isa = PBXFileReference; explicitFileType = wrapper.framework; includeInIndex = 0; path = MAX.framework; sourceTree = BUILT_PRODUCTS_DIR; };
		193BFA58203799EA006D86DC /* MAX.h */ = {isa = PBXFileReference; lastKnownFileType = sourcecode.c.h; path = MAX.h; sourceTree = "<group>"; };
		193BFA59203799EA006D86DC /* Info.plist */ = {isa = PBXFileReference; lastKnownFileType = text.plist.xml; path = Info.plist; sourceTree = "<group>"; };
		193BFA5E203799EA006D86DC /* MAXTests.xctest */ = {isa = PBXFileReference; explicitFileType = wrapper.cfbundle; includeInIndex = 0; path = MAXTests.xctest; sourceTree = BUILT_PRODUCTS_DIR; };
		193BFA65203799EB006D86DC /* Info.plist */ = {isa = PBXFileReference; lastKnownFileType = text.plist.xml; path = Info.plist; sourceTree = "<group>"; };
		193BFABE2037A2D0006D86DC /* MAXFacebookBannerAdapterSpec.swift */ = {isa = PBXFileReference; fileEncoding = 4; lastKnownFileType = sourcecode.swift; path = MAXFacebookBannerAdapterSpec.swift; sourceTree = "<group>"; };
		193BFABF2037A2D0006D86DC /* MAXFacebookInterstitialAdapterSpec.swift */ = {isa = PBXFileReference; fileEncoding = 4; lastKnownFileType = sourcecode.swift; path = MAXFacebookInterstitialAdapterSpec.swift; sourceTree = "<group>"; };
		193BFAC02037A2D0006D86DC /* MAXLocationProviderSpec.swift */ = {isa = PBXFileReference; fileEncoding = 4; lastKnownFileType = sourcecode.swift; path = MAXLocationProviderSpec.swift; sourceTree = "<group>"; };
		193BFAC12037A2D0006D86DC /* MAXResponseCacheSpec.swift */ = {isa = PBXFileReference; fileEncoding = 4; lastKnownFileType = sourcecode.swift; path = MAXResponseCacheSpec.swift; sourceTree = "<group>"; };
		193BFAC32037A2D0006D86DC /* MockNotificationCenter.swift */ = {isa = PBXFileReference; fileEncoding = 4; lastKnownFileType = sourcecode.swift; path = MockNotificationCenter.swift; sourceTree = "<group>"; };
		193BFAC42037A2D0006D86DC /* MockURLSession.swift */ = {isa = PBXFileReference; fileEncoding = 4; lastKnownFileType = sourcecode.swift; path = MockURLSession.swift; sourceTree = "<group>"; };
		193BFAC62037A2D0006D86DC /* MAXAdRequestManagerStub.swift */ = {isa = PBXFileReference; fileEncoding = 4; lastKnownFileType = sourcecode.swift; path = MAXAdRequestManagerStub.swift; sourceTree = "<group>"; };
		193BFAC72037A2D0006D86DC /* MAXAdRequestStub.swift */ = {isa = PBXFileReference; fileEncoding = 4; lastKnownFileType = sourcecode.swift; path = MAXAdRequestStub.swift; sourceTree = "<group>"; };
		193BFAC82037A2D0006D86DC /* MAXAdResponseStub.swift */ = {isa = PBXFileReference; fileEncoding = 4; lastKnownFileType = sourcecode.swift; path = MAXAdResponseStub.swift; sourceTree = "<group>"; };
		193BFAC92037A2D0006D86DC /* MAXErrorReporterStub.swift */ = {isa = PBXFileReference; fileEncoding = 4; lastKnownFileType = sourcecode.swift; path = MAXErrorReporterStub.swift; sourceTree = "<group>"; };
		193BFACA2037A2D0006D86DC /* MAXLocationProviderStub.swift */ = {isa = PBXFileReference; fileEncoding = 4; lastKnownFileType = sourcecode.swift; path = MAXLocationProviderStub.swift; sourceTree = "<group>"; };
		193BFACB2037A2D0006D86DC /* MAXSessionStub.swift */ = {isa = PBXFileReference; fileEncoding = 4; lastKnownFileType = sourcecode.swift; path = MAXSessionStub.swift; sourceTree = "<group>"; };
		193BFACD2037A2D0006D86DC /* MAXDateFormatterSpec.swift */ = {isa = PBXFileReference; fileEncoding = 4; lastKnownFileType = sourcecode.swift; path = MAXDateFormatterSpec.swift; sourceTree = "<group>"; };
		193BFACE2037A2D0006D86DC /* MAXErrorReporterSpec.swift */ = {isa = PBXFileReference; fileEncoding = 4; lastKnownFileType = sourcecode.swift; path = MAXErrorReporterSpec.swift; sourceTree = "<group>"; };
		193BFACF2037A2D0006D86DC /* MAXMoPubAdRequestManagerSpec.swift */ = {isa = PBXFileReference; fileEncoding = 4; lastKnownFileType = sourcecode.swift; path = MAXMoPubAdRequestManagerSpec.swift; sourceTree = "<group>"; };
		193BFAD12037A2D0006D86DC /* MAXAdRequestManagerSpec.swift */ = {isa = PBXFileReference; fileEncoding = 4; lastKnownFileType = sourcecode.swift; path = MAXAdRequestManagerSpec.swift; sourceTree = "<group>"; };
		193BFAD22037A2D0006D86DC /* MAXAdRequestSpec.swift */ = {isa = PBXFileReference; fileEncoding = 4; lastKnownFileType = sourcecode.swift; path = MAXAdRequestSpec.swift; sourceTree = "<group>"; };
		193BFAD32037A2D0006D86DC /* MAXAdResponseSpec.swift */ = {isa = PBXFileReference; fileEncoding = 4; lastKnownFileType = sourcecode.swift; path = MAXAdResponseSpec.swift; sourceTree = "<group>"; };
		193BFAD42037A2D1006D86DC /* MAXTokenProviderSpec.swift */ = {isa = PBXFileReference; fileEncoding = 4; lastKnownFileType = sourcecode.swift; path = MAXTokenProviderSpec.swift; sourceTree = "<group>"; };
		193BFAD62037A2D1006D86DC /* MAXAdViewSpec.swift */ = {isa = PBXFileReference; fileEncoding = 4; lastKnownFileType = sourcecode.swift; path = MAXAdViewSpec.swift; sourceTree = "<group>"; };
		193BFAD72037A2D1006D86DC /* MAXInterstitialAdSpec.swift */ = {isa = PBXFileReference; fileEncoding = 4; lastKnownFileType = sourcecode.swift; path = MAXInterstitialAdSpec.swift; sourceTree = "<group>"; };
		193BFAD82037A2D1006D86DC /* MAXSessionSpec.swift */ = {isa = PBXFileReference; fileEncoding = 4; lastKnownFileType = sourcecode.swift; path = MAXSessionSpec.swift; sourceTree = "<group>"; };
		19A3DFD92037B6EC00D1CAF0 /* MAXBaseLogger.swift */ = {isa = PBXFileReference; lastKnownFileType = sourcecode.swift; path = MAXBaseLogger.swift; sourceTree = "<group>"; };
		19A3DFDD2037B71900D1CAF0 /* MAXAds.swift */ = {isa = PBXFileReference; fileEncoding = 4; lastKnownFileType = sourcecode.swift; path = MAXAds.swift; sourceTree = "<group>"; };
		1E6EE64A8199E37E629B3039 /* Pods-MAX.release.xcconfig */ = {isa = PBXFileReference; includeInIndex = 1; lastKnownFileType = text.xcconfig; name = "Pods-MAX.release.xcconfig"; path = "Pods/Target Support Files/Pods-MAX/Pods-MAX.release.xcconfig"; sourceTree = "<group>"; };
		4EE3C88EDC57AC7094510C2C /* Pods-MAX.debug.xcconfig */ = {isa = PBXFileReference; includeInIndex = 1; lastKnownFileType = text.xcconfig; name = "Pods-MAX.debug.xcconfig"; path = "Pods/Target Support Files/Pods-MAX/Pods-MAX.debug.xcconfig"; sourceTree = "<group>"; };
		53060C259F3AB4781C0321CB /* Pods_MAX.framework */ = {isa = PBXFileReference; explicitFileType = wrapper.framework; includeInIndex = 0; path = Pods_MAX.framework; sourceTree = BUILT_PRODUCTS_DIR; };
		65CC6519174FDA0F403097E9 /* Pods-MAXTests.release.xcconfig */ = {isa = PBXFileReference; includeInIndex = 1; lastKnownFileType = text.xcconfig; name = "Pods-MAXTests.release.xcconfig"; path = "Pods/Target Support Files/Pods-MAXTests/Pods-MAXTests.release.xcconfig"; sourceTree = "<group>"; };
		938D303E84E7306609526754 /* Pods-MAXLib.release.xcconfig */ = {isa = PBXFileReference; includeInIndex = 1; lastKnownFileType = text.xcconfig; name = "Pods-MAXLib.release.xcconfig"; path = "Pods/Target Support Files/Pods-MAXLib/Pods-MAXLib.release.xcconfig"; sourceTree = "<group>"; };
		9B4B62A5E62BCE61F1AEEEDC /* Pods-MAXLib.debug.xcconfig */ = {isa = PBXFileReference; includeInIndex = 1; lastKnownFileType = text.xcconfig; name = "Pods-MAXLib.debug.xcconfig"; path = "Pods/Target Support Files/Pods-MAXLib/Pods-MAXLib.debug.xcconfig"; sourceTree = "<group>"; };
		A879746A94A313A557EA6E8F /* Pods_MAXLib.framework */ = {isa = PBXFileReference; explicitFileType = wrapper.framework; includeInIndex = 0; path = Pods_MAXLib.framework; sourceTree = BUILT_PRODUCTS_DIR; };
		D28B8B9B2063F38A78077255 /* Pods-MAXTests.debug.xcconfig */ = {isa = PBXFileReference; includeInIndex = 1; lastKnownFileType = text.xcconfig; name = "Pods-MAXTests.debug.xcconfig"; path = "Pods/Target Support Files/Pods-MAXTests/Pods-MAXTests.debug.xcconfig"; sourceTree = "<group>"; };
/* End PBXFileReference section */

/* Begin PBXFrameworksBuildPhase section */
		193BF9F9203797CE006D86DC /* Frameworks */ = {
			isa = PBXFrameworksBuildPhase;
			buildActionMask = 2147483647;
			files = (
				70E144D05B6D64868E1610C4 /* Pods_MAXLib.framework in Frameworks */,
			);
			runOnlyForDeploymentPostprocessing = 0;
		};
		193BFA52203799EA006D86DC /* Frameworks */ = {
			isa = PBXFrameworksBuildPhase;
			buildActionMask = 2147483647;
			files = (
				2CBE02FA97EB468BBECFF44F /* Pods_MAX.framework in Frameworks */,
			);
			runOnlyForDeploymentPostprocessing = 0;
		};
		193BFA5B203799EA006D86DC /* Frameworks */ = {
			isa = PBXFrameworksBuildPhase;
			buildActionMask = 2147483647;
			files = (
				193BFB3A2037A786006D86DC /* MAX.framework in Frameworks */,
				F3EBC2E22DCD0004E60CE90A /* Pods_MAXTests.framework in Frameworks */,
			);
			runOnlyForDeploymentPostprocessing = 0;
		};
/* End PBXFrameworksBuildPhase section */

/* Begin PBXGroup section */
		0655CC8F636055707C9B76C5 /* Pods */ = {
			isa = PBXGroup;
			children = (
				4EE3C88EDC57AC7094510C2C /* Pods-MAX.debug.xcconfig */,
				1E6EE64A8199E37E629B3039 /* Pods-MAX.release.xcconfig */,
				9B4B62A5E62BCE61F1AEEEDC /* Pods-MAXLib.debug.xcconfig */,
				938D303E84E7306609526754 /* Pods-MAXLib.release.xcconfig */,
				D28B8B9B2063F38A78077255 /* Pods-MAXTests.debug.xcconfig */,
				65CC6519174FDA0F403097E9 /* Pods-MAXTests.release.xcconfig */,
			);
			name = Pods;
			sourceTree = "<group>";
		};
		1917BADC203639B6000D06DE = {
			isa = PBXGroup;
			children = (
				1917BAE7203639B6000D06DE /* MAX */,
				193BFA62203799EB006D86DC /* MAXTests */,
				1917BAE6203639B6000D06DE /* Products */,
				0655CC8F636055707C9B76C5 /* Pods */,
				1DFE40C601E2E27314A83D46 /* Frameworks */,
			);
			sourceTree = "<group>";
		};
		1917BAE6203639B6000D06DE /* Products */ = {
			isa = PBXGroup;
			children = (
				193BF9FC203797CE006D86DC /* libMAXLib.a */,
				193BFA56203799EA006D86DC /* MAX.framework */,
				193BFA5E203799EA006D86DC /* MAXTests.xctest */,
			);
			name = Products;
			sourceTree = "<group>";
		};
		1917BAE7203639B6000D06DE /* MAX */ = {
			isa = PBXGroup;
			children = (
				193BFA58203799EA006D86DC /* MAX.h */,
				193BFA59203799EA006D86DC /* Info.plist */,
				1917BAF1203639E7000D06DE /* Core */,
				1917BB57203639E7000D06DE /* ThirdParty */,
			);
			path = MAX;
			sourceTree = "<group>";
		};
		1917BAF1203639E7000D06DE /* Core */ = {
			isa = PBXGroup;
			children = (
				1917BAF2203639E7000D06DE /* Adapters */,
				1917BAF6203639E7000D06DE /* API */,
				1917BAFC203639E7000D06DE /* Base */,
				1917BB0E203639E7000D06DE /* MAXConfiguration.swift */,
				1917BB0F203639E7000D06DE /* MAXLocationProvider.swift */,
				19A3DFDD2037B71900D1CAF0 /* MAXAds.swift */,
				1917BB31203639E7000D06DE /* MAXSession.swift */,
				1917BB10203639E7000D06DE /* ObjC */,
				1917BB4D203639E7000D06DE /* Utility */,
				1917BB54203639E7000D06DE /* View */,
			);
			path = Core;
			sourceTree = "<group>";
		};
		1917BAF2203639E7000D06DE /* Adapters */ = {
			isa = PBXGroup;
			children = (
				1917BAF3203639E7000D06DE /* MAXAdViewAdapter.swift */,
				1917BAF4203639E7000D06DE /* MAXInterstitialAdapter.swift */,
				1917BAF5203639E7000D06DE /* MAXTokenProvider.swift */,
			);
			path = Adapters;
			sourceTree = "<group>";
		};
		1917BAF6203639E7000D06DE /* API */ = {
			isa = PBXGroup;
			children = (
				1917BAF7203639E7000D06DE /* MAXAdRequest.swift */,
				1917BAF8203639E7000D06DE /* MAXAdRequestManager.swift */,
				1917BAF9203639E7000D06DE /* MAXAdResponse.swift */,
				1917BAFA203639E7000D06DE /* MAXAPIConstants.swift */,
				1917BAFB203639E7000D06DE /* MAXUserAgent.swift */,
			);
			path = API;
			sourceTree = "<group>";
		};
		1917BAFC203639E7000D06DE /* Base */ = {
			isa = PBXGroup;
			children = (
				1917BAFD203639E7000D06DE /* MRAID */,
				1917BB03203639E7000D06DE /* SourceKitCommon */,
				1917BB09203639E7000D06DE /* VAST */,
				19A3DFD92037B6EC00D1CAF0 /* MAXBaseLogger.swift */,
			);
			path = Base;
			sourceTree = "<group>";
		};
		1917BAFD203639E7000D06DE /* MRAID */ = {
			isa = PBXGroup;
			children = (
				1917BAFE203639E7000D06DE /* LICENSE */,
				1917BAFF203639E7000D06DE /* README.md */,
				1917BB00203639E7000D06DE /* res */,
			);
			path = MRAID;
			sourceTree = "<group>";
		};
		1917BB00203639E7000D06DE /* res */ = {
			isa = PBXGroup;
			children = (
				1917BB01203639E7000D06DE /* CloseButton.png */,
				1917BB02203639E7000D06DE /* mraid.js */,
			);
			path = res;
			sourceTree = "<group>";
		};
		1917BB03203639E7000D06DE /* SourceKitCommon */ = {
			isa = PBXGroup;
			children = (
				1917BB04203639E7000D06DE /* LICENSE */,
				1917BB05203639E7000D06DE /* README.md */,
				1917BB06203639E7000D06DE /* res */,
			);
			path = SourceKitCommon;
			sourceTree = "<group>";
		};
		1917BB06203639E7000D06DE /* res */ = {
			isa = PBXGroup;
			children = (
				1917BB07203639E7000D06DE /* BackButton.png */,
				1917BB08203639E7000D06DE /* ForwardButton.png */,
			);
			path = res;
			sourceTree = "<group>";
		};
		1917BB09203639E7000D06DE /* VAST */ = {
			isa = PBXGroup;
			children = (
				1917BB0A203639E7000D06DE /* LICENSE */,
				1917BB0B203639E7000D06DE /* README.md */,
				1917BB0C203639E7000D06DE /* res */,
			);
			path = VAST;
			sourceTree = "<group>";
		};
		1917BB0C203639E7000D06DE /* res */ = {
			isa = PBXGroup;
			children = (
				1917BB0D203639E7000D06DE /* vast_2.0.1.xsd */,
			);
			path = res;
			sourceTree = "<group>";
		};
		1917BB10203639E7000D06DE /* ObjC */ = {
			isa = PBXGroup;
			children = (
				1917BB11203639E7000D06DE /* max_mraidjs.h */,
				1917BB13203639E7000D06DE /* MaxBrowser.h */,
				1917BB14203639E7000D06DE /* MaxBrowser.m */,
				1917BB15203639E7000D06DE /* MaxBrowserControlsView.h */,
				1917BB16203639E7000D06DE /* MaxBrowserControlsView.m */,
				1917BB17203639E7000D06DE /* MaxCommonBackButton.h */,
				1917BB18203639E7000D06DE /* MaxCommonCloseButton.h */,
				1917BB19203639E7000D06DE /* MaxCommonLogger.h */,
				1917BB1A203639E7000D06DE /* MaxCommonLogger.m */,
				1917BB1B203639E7000D06DE /* MaxCommonSettings.h */,
				1917BB1C203639E7000D06DE /* MaxCommonSettings.m */,
				1917BB1D203639E7000D06DE /* MaxForwardButton.h */,
				1917BB1E203639E7000D06DE /* MaxMRAIDInterstitial.h */,
				1917BB1F203639E7000D06DE /* MaxMRAIDInterstitial.m */,
				1917BB20203639E7000D06DE /* MaxMRAIDModalViewController.h */,
				1917BB21203639E7000D06DE /* MaxMRAIDModalViewController.m */,
				1917BB22203639E7000D06DE /* MaxMRAIDOrientationProperties.h */,
				1917BB23203639E7000D06DE /* MaxMRAIDOrientationProperties.m */,
				1917BB24203639E7000D06DE /* MaxMRAIDParser.h */,
				1917BB25203639E7000D06DE /* MaxMRAIDParser.m */,
				1917BB26203639E7000D06DE /* MaxMRAIDResizeProperties.h */,
				1917BB27203639E7000D06DE /* MaxMRAIDResizeProperties.m */,
				1917BB28203639E7000D06DE /* MaxMRAIDServiceDelegate.h */,
				1917BB29203639E7000D06DE /* MaxMRAIDSettings.h */,
				1917BB2A203639E7000D06DE /* MaxMRAIDSettings.m */,
				1917BB2B203639E7000D06DE /* MaxMRAIDUtil.h */,
				1917BB2C203639E7000D06DE /* MaxMRAIDUtil.m */,
				1917BB2D203639E7000D06DE /* MaxMRAIDView.h */,
				1917BB2E203639E7000D06DE /* MaxMRAIDView.m */,
				1917BB2F203639E7000D06DE /* MaxReachability.h */,
				1917BB30203639E7000D06DE /* MaxReachability.m */,
				1917BB32203639E7000D06DE /* MaxVAST2Parser.h */,
				1917BB33203639E7000D06DE /* MaxVAST2Parser.m */,
				1917BB34203639E7000D06DE /* MaxVASTControls.h */,
				1917BB35203639E7000D06DE /* MaxVASTControls.m */,
				1917BB36203639E7000D06DE /* MaxVASTError.h */,
				1917BB37203639E7000D06DE /* MaxVASTEventProcessor.h */,
				1917BB38203639E7000D06DE /* MaxVASTEventProcessor.m */,
				1917BB39203639E7000D06DE /* MaxVASTMediaFile.h */,
				1917BB3A203639E7000D06DE /* MaxVASTMediaFile.m */,
				1917BB3B203639E7000D06DE /* MaxVASTMediaFilePicker.h */,
				1917BB3C203639E7000D06DE /* MaxVASTMediaFilePicker.m */,
				1917BB3D203639E7000D06DE /* MaxVASTModel.h */,
				1917BB3E203639E7000D06DE /* MaxVASTModel.m */,
				1917BB3F203639E7000D06DE /* MaxVASTSchema.h */,
				1917BB40203639E7000D06DE /* MaxVASTSettings.h */,
				1917BB41203639E7000D06DE /* MaxVASTSettings.m */,
				1917BB42203639E7000D06DE /* MaxVASTUrlWithId.h */,
				1917BB43203639E7000D06DE /* MaxVASTUrlWithId.m */,
				1917BB44203639E7000D06DE /* MaxVASTViewController.h */,
				1917BB45203639E7000D06DE /* MaxVASTViewController.m */,
				1917BB46203639E7000D06DE /* MaxVASTXMLUtil.h */,
				1917BB47203639E7000D06DE /* MaxVASTXMLUtil.m */,
				191AB5B720363ED700501922 /* MAX-Bridging-Header.h */,
			);
			path = ObjC;
			sourceTree = "<group>";
		};
		1917BB4D203639E7000D06DE /* Utility */ = {
			isa = PBXGroup;
			children = (
				1917BB4E203639E7000D06DE /* MAXConcurrentDictionary.swift */,
				1917BB4F203639E7000D06DE /* MAXDateFormatter.swift */,
				1917BB50203639E7000D06DE /* MAXError.swift */,
				1917BB51203639E7000D06DE /* MAXErrorReporter.swift */,
				1917BB52203639E7000D06DE /* MAXLinkHandler.swift */,
				1917BB53203639E7000D06DE /* MAXLogger.swift */,
			);
			path = Utility;
			sourceTree = "<group>";
		};
		1917BB54203639E7000D06DE /* View */ = {
			isa = PBXGroup;
			children = (
				1917BB55203639E7000D06DE /* MAXAdView.swift */,
				1917BB56203639E7000D06DE /* MAXInterstitialAd.swift */,
			);
			path = View;
			sourceTree = "<group>";
		};
		1917BB57203639E7000D06DE /* ThirdParty */ = {
			isa = PBXGroup;
			children = (
				1917BB58203639E7000D06DE /* Facebook */,
				1917BB5C203639E7000D06DE /* MoPub */,
			);
			path = ThirdParty;
			sourceTree = "<group>";
		};
		1917BB58203639E7000D06DE /* Facebook */ = {
			isa = PBXGroup;
			children = (
				1917BB59203639E7000D06DE /* MAXFacebookAdapter.swift */,
				1917BB5A203639E7000D06DE /* MAXFacebookBannerAdapter.swift */,
				1917BB5B203639E7000D06DE /* MAXFacebookInterstitialAdapter.swift */,
			);
			path = Facebook;
			sourceTree = "<group>";
		};
		1917BB5C203639E7000D06DE /* MoPub */ = {
			isa = PBXGroup;
			children = (
				1917BB5D203639E7000D06DE /* MAXMoPubCustomEvent.swift */,
				1917BB5E203639E7000D06DE /* MAXMoPubRequestManager.swift */,
			);
			path = MoPub;
			sourceTree = "<group>";
		};
		193BFA62203799EB006D86DC /* MAXTests */ = {
			isa = PBXGroup;
			children = (
				193BFAD02037A2D0006D86DC /* API */,
				193BFABD2037A2D0006D86DC /* Facebook */,
				193BFAC02037A2D0006D86DC /* MAXLocationProviderSpec.swift */,
				193BFACF2037A2D0006D86DC /* MAXMoPubAdRequestManagerSpec.swift */,
				193BFAC12037A2D0006D86DC /* MAXResponseCacheSpec.swift */,
				193BFAD82037A2D1006D86DC /* MAXSessionSpec.swift */,
				193BFAD42037A2D1006D86DC /* MAXTokenProviderSpec.swift */,
				193BFAC22037A2D0006D86DC /* Mocks */,
				193BFAC52037A2D0006D86DC /* Stubs */,
				193BFACC2037A2D0006D86DC /* Utility */,
				193BFAD52037A2D1006D86DC /* View */,
				193BFA65203799EB006D86DC /* Info.plist */,
			);
			path = MAXTests;
			sourceTree = "<group>";
		};
		193BFABD2037A2D0006D86DC /* Facebook */ = {
			isa = PBXGroup;
			children = (
				193BFABE2037A2D0006D86DC /* MAXFacebookBannerAdapterSpec.swift */,
				193BFABF2037A2D0006D86DC /* MAXFacebookInterstitialAdapterSpec.swift */,
			);
			path = Facebook;
			sourceTree = "<group>";
		};
		193BFAC22037A2D0006D86DC /* Mocks */ = {
			isa = PBXGroup;
			children = (
				193BFAC32037A2D0006D86DC /* MockNotificationCenter.swift */,
				193BFAC42037A2D0006D86DC /* MockURLSession.swift */,
			);
			path = Mocks;
			sourceTree = "<group>";
		};
		193BFAC52037A2D0006D86DC /* Stubs */ = {
			isa = PBXGroup;
			children = (
				193BFAC62037A2D0006D86DC /* MAXAdRequestManagerStub.swift */,
				193BFAC72037A2D0006D86DC /* MAXAdRequestStub.swift */,
				193BFAC82037A2D0006D86DC /* MAXAdResponseStub.swift */,
				193BFAC92037A2D0006D86DC /* MAXErrorReporterStub.swift */,
				193BFACA2037A2D0006D86DC /* MAXLocationProviderStub.swift */,
				193BFACB2037A2D0006D86DC /* MAXSessionStub.swift */,
			);
			path = Stubs;
			sourceTree = "<group>";
		};
		193BFACC2037A2D0006D86DC /* Utility */ = {
			isa = PBXGroup;
			children = (
				193BFACD2037A2D0006D86DC /* MAXDateFormatterSpec.swift */,
				193BFACE2037A2D0006D86DC /* MAXErrorReporterSpec.swift */,
			);
			path = Utility;
			sourceTree = "<group>";
		};
		193BFAD02037A2D0006D86DC /* API */ = {
			isa = PBXGroup;
			children = (
				193BFAD12037A2D0006D86DC /* MAXAdRequestManagerSpec.swift */,
				193BFAD22037A2D0006D86DC /* MAXAdRequestSpec.swift */,
				193BFAD32037A2D0006D86DC /* MAXAdResponseSpec.swift */,
			);
			path = API;
			sourceTree = "<group>";
		};
		193BFAD52037A2D1006D86DC /* View */ = {
			isa = PBXGroup;
			children = (
				193BFAD62037A2D1006D86DC /* MAXAdViewSpec.swift */,
				193BFAD72037A2D1006D86DC /* MAXInterstitialAdSpec.swift */,
			);
			path = View;
			sourceTree = "<group>";
		};
		1DFE40C601E2E27314A83D46 /* Frameworks */ = {
			isa = PBXGroup;
			children = (
				53060C259F3AB4781C0321CB /* Pods_MAX.framework */,
				A879746A94A313A557EA6E8F /* Pods_MAXLib.framework */,
				0BE3AC258AF05842F8D0A8C3 /* Pods_MAXTests.framework */,
			);
			name = Frameworks;
			sourceTree = "<group>";
		};
/* End PBXGroup section */

/* Begin PBXHeadersBuildPhase section */
		193BFA53203799EA006D86DC /* Headers */ = {
			isa = PBXHeadersBuildPhase;
			buildActionMask = 2147483647;
			files = (
				193BFABA2037A0AE006D86DC /* MaxVASTViewController.h in Headers */,
				193BFAAF2037A0AE006D86DC /* MaxReachability.h in Headers */,
				193BFA66203799EB006D86DC /* MAX.h in Headers */,
				193BFABC2037A0F4006D86DC /* MaxCommonLogger.h in Headers */,
				193BFAA62037A0AE006D86DC /* MaxMRAIDInterstitial.h in Headers */,
				193BFAAE2037A0AE006D86DC /* MaxMRAIDView.h in Headers */,
				193BFAAB2037A0AE006D86DC /* MaxMRAIDServiceDelegate.h in Headers */,
				193BFAB22037A0AE006D86DC /* MaxVASTError.h in Headers */,
			);
			runOnlyForDeploymentPostprocessing = 0;
		};
/* End PBXHeadersBuildPhase section */

/* Begin PBXNativeTarget section */
		193BF9FB203797CE006D86DC /* MAXLib */ = {
			isa = PBXNativeTarget;
			buildConfigurationList = 193BFA04203797CE006D86DC /* Build configuration list for PBXNativeTarget "MAXLib" */;
			buildPhases = (
				F75639F502F1B7B7C4F0E606 /* [CP] Check Pods Manifest.lock */,
				193BF9F8203797CE006D86DC /* Sources */,
				193BF9F9203797CE006D86DC /* Frameworks */,
				193BF9FA203797CE006D86DC /* CopyFiles */,
				4D47C4D82FE1F2B3BD10416B /* [CP] Copy Pods Resources */,
			);
			buildRules = (
			);
			dependencies = (
			);
			name = MAXLib;
			productName = MAXLib;
			productReference = 193BF9FC203797CE006D86DC /* libMAXLib.a */;
			productType = "com.apple.product-type.library.static";
		};
		193BFA55203799EA006D86DC /* MAX */ = {
			isa = PBXNativeTarget;
			buildConfigurationList = 193BFA67203799EB006D86DC /* Build configuration list for PBXNativeTarget "MAX" */;
			buildPhases = (
				E00C89EB948704B2FC4E9EF2 /* [CP] Check Pods Manifest.lock */,
				193BFA51203799EA006D86DC /* Sources */,
				193BFA52203799EA006D86DC /* Frameworks */,
				193BFA53203799EA006D86DC /* Headers */,
				193BFA54203799EA006D86DC /* Resources */,
				BDAC8AC38D9EA6746B4A9E7B /* [CP] Copy Pods Resources */,
			);
			buildRules = (
			);
			dependencies = (
			);
			name = MAX;
			productName = MAX;
			productReference = 193BFA56203799EA006D86DC /* MAX.framework */;
			productType = "com.apple.product-type.framework";
		};
		193BFA5D203799EA006D86DC /* MAXTests */ = {
			isa = PBXNativeTarget;
			buildConfigurationList = 193BFA6A203799EB006D86DC /* Build configuration list for PBXNativeTarget "MAXTests" */;
			buildPhases = (
				E12DC0DC85845FD1A1259C1F /* [CP] Check Pods Manifest.lock */,
				193BFA5A203799EA006D86DC /* Sources */,
				193BFA5B203799EA006D86DC /* Frameworks */,
				193BFA5C203799EA006D86DC /* Resources */,
				98904FE3B043AEA48A1A5D62 /* [CP] Embed Pods Frameworks */,
				934DDE9A2F85011382251A3E /* [CP] Copy Pods Resources */,
			);
			buildRules = (
			);
			dependencies = (
				193BFA61203799EB006D86DC /* PBXTargetDependency */,
			);
			name = MAXTests;
			productName = MAXTests;
			productReference = 193BFA5E203799EA006D86DC /* MAXTests.xctest */;
			productType = "com.apple.product-type.bundle.unit-test";
		};
/* End PBXNativeTarget section */

/* Begin PBXProject section */
		1917BADD203639B6000D06DE /* Project object */ = {
			isa = PBXProject;
			attributes = {
				LastSwiftUpdateCheck = 0920;
				LastUpgradeCheck = 0920;
				ORGANIZATIONNAME = "Bryan Boyko";
				TargetAttributes = {
					193BF9FB203797CE006D86DC = {
						CreatedOnToolsVersion = 9.2;
						ProvisioningStyle = Automatic;
					};
					193BFA55203799EA006D86DC = {
						CreatedOnToolsVersion = 9.2;
						ProvisioningStyle = Automatic;
					};
					193BFA5D203799EA006D86DC = {
						CreatedOnToolsVersion = 9.2;
						LastSwiftMigration = 0920;
						ProvisioningStyle = Automatic;
					};
				};
			};
			buildConfigurationList = 1917BAE0203639B6000D06DE /* Build configuration list for PBXProject "MAX" */;
			compatibilityVersion = "Xcode 8.0";
			developmentRegion = en;
			hasScannedForEncodings = 0;
			knownRegions = (
				en,
			);
			mainGroup = 1917BADC203639B6000D06DE;
			productRefGroup = 1917BAE6203639B6000D06DE /* Products */;
			projectDirPath = "";
			projectRoot = "";
			targets = (
				193BF9FB203797CE006D86DC /* MAXLib */,
				193BFA55203799EA006D86DC /* MAX */,
				193BFA5D203799EA006D86DC /* MAXTests */,
			);
		};
/* End PBXProject section */

/* Begin PBXResourcesBuildPhase section */
		193BFA54203799EA006D86DC /* Resources */ = {
			isa = PBXResourcesBuildPhase;
			buildActionMask = 2147483647;
			files = (
			);
			runOnlyForDeploymentPostprocessing = 0;
		};
		193BFA5C203799EA006D86DC /* Resources */ = {
			isa = PBXResourcesBuildPhase;
			buildActionMask = 2147483647;
			files = (
			);
			runOnlyForDeploymentPostprocessing = 0;
		};
/* End PBXResourcesBuildPhase section */

/* Begin PBXShellScriptBuildPhase section */
		4D47C4D82FE1F2B3BD10416B /* [CP] Copy Pods Resources */ = {
			isa = PBXShellScriptBuildPhase;
			buildActionMask = 2147483647;
			files = (
			);
			inputPaths = (
			);
			name = "[CP] Copy Pods Resources";
			outputPaths = (
			);
			runOnlyForDeploymentPostprocessing = 0;
			shellPath = /bin/sh;
			shellScript = "\"${SRCROOT}/Pods/Target Support Files/Pods-MAXLib/Pods-MAXLib-resources.sh\"\n";
			showEnvVarsInLog = 0;
		};
		934DDE9A2F85011382251A3E /* [CP] Copy Pods Resources */ = {
			isa = PBXShellScriptBuildPhase;
			buildActionMask = 2147483647;
			files = (
			);
			inputPaths = (
			);
			name = "[CP] Copy Pods Resources";
			outputPaths = (
			);
			runOnlyForDeploymentPostprocessing = 0;
			shellPath = /bin/sh;
			shellScript = "\"${SRCROOT}/Pods/Target Support Files/Pods-MAXTests/Pods-MAXTests-resources.sh\"\n";
			showEnvVarsInLog = 0;
		};
		98904FE3B043AEA48A1A5D62 /* [CP] Embed Pods Frameworks */ = {
			isa = PBXShellScriptBuildPhase;
			buildActionMask = 2147483647;
			files = (
			);
			inputPaths = (
				"${SRCROOT}/Pods/Target Support Files/Pods-MAXTests/Pods-MAXTests-frameworks.sh",
				"${BUILT_PRODUCTS_DIR}/Nimble/Nimble.framework",
				"${BUILT_PRODUCTS_DIR}/Quick/Quick.framework",
				"${BUILT_PRODUCTS_DIR}/mopub-ios-sdk/MoPub.framework",
			);
			name = "[CP] Embed Pods Frameworks";
			outputPaths = (
				"${TARGET_BUILD_DIR}/${FRAMEWORKS_FOLDER_PATH}/Nimble.framework",
				"${TARGET_BUILD_DIR}/${FRAMEWORKS_FOLDER_PATH}/Quick.framework",
				"${TARGET_BUILD_DIR}/${FRAMEWORKS_FOLDER_PATH}/MoPub.framework",
			);
			runOnlyForDeploymentPostprocessing = 0;
			shellPath = /bin/sh;
			shellScript = "\"${SRCROOT}/Pods/Target Support Files/Pods-MAXTests/Pods-MAXTests-frameworks.sh\"\n";
			showEnvVarsInLog = 0;
		};
		BDAC8AC38D9EA6746B4A9E7B /* [CP] Copy Pods Resources */ = {
			isa = PBXShellScriptBuildPhase;
			buildActionMask = 2147483647;
			files = (
			);
			inputPaths = (
			);
			name = "[CP] Copy Pods Resources";
			outputPaths = (
			);
			runOnlyForDeploymentPostprocessing = 0;
			shellPath = /bin/sh;
			shellScript = "\"${SRCROOT}/Pods/Target Support Files/Pods-MAX/Pods-MAX-resources.sh\"\n";
			showEnvVarsInLog = 0;
		};
		E00C89EB948704B2FC4E9EF2 /* [CP] Check Pods Manifest.lock */ = {
			isa = PBXShellScriptBuildPhase;
			buildActionMask = 2147483647;
			files = (
			);
			inputPaths = (
				"${PODS_PODFILE_DIR_PATH}/Podfile.lock",
				"${PODS_ROOT}/Manifest.lock",
			);
			name = "[CP] Check Pods Manifest.lock";
			outputPaths = (
				"$(DERIVED_FILE_DIR)/Pods-MAX-checkManifestLockResult.txt",
			);
			runOnlyForDeploymentPostprocessing = 0;
			shellPath = /bin/sh;
			shellScript = "diff \"${PODS_PODFILE_DIR_PATH}/Podfile.lock\" \"${PODS_ROOT}/Manifest.lock\" > /dev/null\nif [ $? != 0 ] ; then\n    # print error to STDERR\n    echo \"error: The sandbox is not in sync with the Podfile.lock. Run 'pod install' or update your CocoaPods installation.\" >&2\n    exit 1\nfi\n# This output is used by Xcode 'outputs' to avoid re-running this script phase.\necho \"SUCCESS\" > \"${SCRIPT_OUTPUT_FILE_0}\"\n";
			showEnvVarsInLog = 0;
		};
		E12DC0DC85845FD1A1259C1F /* [CP] Check Pods Manifest.lock */ = {
			isa = PBXShellScriptBuildPhase;
			buildActionMask = 2147483647;
			files = (
			);
			inputPaths = (
				"${PODS_PODFILE_DIR_PATH}/Podfile.lock",
				"${PODS_ROOT}/Manifest.lock",
			);
			name = "[CP] Check Pods Manifest.lock";
			outputPaths = (
				"$(DERIVED_FILE_DIR)/Pods-MAXTests-checkManifestLockResult.txt",
			);
			runOnlyForDeploymentPostprocessing = 0;
			shellPath = /bin/sh;
			shellScript = "diff \"${PODS_PODFILE_DIR_PATH}/Podfile.lock\" \"${PODS_ROOT}/Manifest.lock\" > /dev/null\nif [ $? != 0 ] ; then\n    # print error to STDERR\n    echo \"error: The sandbox is not in sync with the Podfile.lock. Run 'pod install' or update your CocoaPods installation.\" >&2\n    exit 1\nfi\n# This output is used by Xcode 'outputs' to avoid re-running this script phase.\necho \"SUCCESS\" > \"${SCRIPT_OUTPUT_FILE_0}\"\n";
			showEnvVarsInLog = 0;
		};
		F75639F502F1B7B7C4F0E606 /* [CP] Check Pods Manifest.lock */ = {
			isa = PBXShellScriptBuildPhase;
			buildActionMask = 2147483647;
			files = (
			);
			inputPaths = (
				"${PODS_PODFILE_DIR_PATH}/Podfile.lock",
				"${PODS_ROOT}/Manifest.lock",
			);
			name = "[CP] Check Pods Manifest.lock";
			outputPaths = (
				"$(DERIVED_FILE_DIR)/Pods-MAXLib-checkManifestLockResult.txt",
			);
			runOnlyForDeploymentPostprocessing = 0;
			shellPath = /bin/sh;
			shellScript = "diff \"${PODS_PODFILE_DIR_PATH}/Podfile.lock\" \"${PODS_ROOT}/Manifest.lock\" > /dev/null\nif [ $? != 0 ] ; then\n    # print error to STDERR\n    echo \"error: The sandbox is not in sync with the Podfile.lock. Run 'pod install' or update your CocoaPods installation.\" >&2\n    exit 1\nfi\n# This output is used by Xcode 'outputs' to avoid re-running this script phase.\necho \"SUCCESS\" > \"${SCRIPT_OUTPUT_FILE_0}\"\n";
			showEnvVarsInLog = 0;
		};
/* End PBXShellScriptBuildPhase section */

/* Begin PBXSourcesBuildPhase section */
		193BF9F8203797CE006D86DC /* Sources */ = {
			isa = PBXSourcesBuildPhase;
			buildActionMask = 2147483647;
			files = (
				193BFA1E203797EB006D86DC /* MaxBrowser.m in Sources */,
				193BFA1F203797EB006D86DC /* MaxBrowserControlsView.m in Sources */,
				193BFA20203797EB006D86DC /* MaxCommonLogger.m in Sources */,
				193BFA21203797EB006D86DC /* MaxCommonSettings.m in Sources */,
				193BFA22203797EB006D86DC /* MaxMRAIDInterstitial.m in Sources */,
				193BFA23203797EB006D86DC /* MaxMRAIDModalViewController.m in Sources */,
				193BFA24203797EB006D86DC /* MaxMRAIDOrientationProperties.m in Sources */,
				193BFA25203797EB006D86DC /* MaxMRAIDParser.m in Sources */,
				19A3DFDE2037B71900D1CAF0 /* MAXAds.swift in Sources */,
				193BFA26203797EB006D86DC /* MaxMRAIDResizeProperties.m in Sources */,
				193BFA27203797EB006D86DC /* MaxMRAIDSettings.m in Sources */,
				193BFA28203797EB006D86DC /* MaxMRAIDUtil.m in Sources */,
				193BFA29203797EB006D86DC /* MaxMRAIDView.m in Sources */,
				193BFA2A203797EB006D86DC /* MaxReachability.m in Sources */,
				193BFA2B203797EB006D86DC /* MaxVAST2Parser.m in Sources */,
				193BFA2C203797EB006D86DC /* MaxVASTControls.m in Sources */,
				193BFA2D203797EB006D86DC /* MaxVASTEventProcessor.m in Sources */,
				193BFA2E203797EB006D86DC /* MaxVASTMediaFile.m in Sources */,
				193BFA2F203797EB006D86DC /* MaxVASTMediaFilePicker.m in Sources */,
				193BFA30203797EB006D86DC /* MaxVASTModel.m in Sources */,
				193BFA31203797EB006D86DC /* MaxVASTSettings.m in Sources */,
				193BFA32203797EB006D86DC /* MaxVASTUrlWithId.m in Sources */,
				193BFA33203797EB006D86DC /* MaxVASTViewController.m in Sources */,
				193BFA34203797EB006D86DC /* MaxVASTXMLUtil.m in Sources */,
				193BFA05203797E2006D86DC /* MAXAdViewAdapter.swift in Sources */,
				193BFA06203797E2006D86DC /* MAXInterstitialAdapter.swift in Sources */,
				193BFA07203797E2006D86DC /* MAXTokenProvider.swift in Sources */,
				193BFA08203797E2006D86DC /* MAXAdRequest.swift in Sources */,
				193BFA09203797E2006D86DC /* MAXAdRequestManager.swift in Sources */,
				193BFA0A203797E2006D86DC /* MAXAdResponse.swift in Sources */,
				193BFA0B203797E2006D86DC /* MAXAPIConstants.swift in Sources */,
				193BFA0C203797E2006D86DC /* MAXUserAgent.swift in Sources */,
				193BFA0D203797E2006D86DC /* MAXConfiguration.swift in Sources */,
				193BFA0E203797E2006D86DC /* MAXLocationProvider.swift in Sources */,
				193BFA10203797E2006D86DC /* MAXSession.swift in Sources */,
				193BFA11203797E2006D86DC /* MAXConcurrentDictionary.swift in Sources */,
				193BFA12203797E2006D86DC /* MAXDateFormatter.swift in Sources */,
				193BFA13203797E2006D86DC /* MAXError.swift in Sources */,
				193BFA14203797E2006D86DC /* MAXErrorReporter.swift in Sources */,
				193BFA15203797E2006D86DC /* MAXLinkHandler.swift in Sources */,
				19A3DFDA2037B6ED00D1CAF0 /* MAXBaseLogger.swift in Sources */,
				193BFA16203797E2006D86DC /* MAXLogger.swift in Sources */,
				193BFA17203797E2006D86DC /* MAXAdView.swift in Sources */,
				193BFA18203797E2006D86DC /* MAXInterstitialAd.swift in Sources */,
				193BFA19203797E2006D86DC /* MAXFacebookAdapter.swift in Sources */,
				193BFA1A203797E2006D86DC /* MAXFacebookBannerAdapter.swift in Sources */,
				193BFA1B203797E2006D86DC /* MAXFacebookInterstitialAdapter.swift in Sources */,
				193BFA1C203797E2006D86DC /* MAXMoPubCustomEvent.swift in Sources */,
				193BFA1D203797E2006D86DC /* MAXMoPubRequestManager.swift in Sources */,
			);
			runOnlyForDeploymentPostprocessing = 0;
		};
		193BFA51203799EA006D86DC /* Sources */ = {
			isa = PBXSourcesBuildPhase;
			buildActionMask = 2147483647;
			files = (
				193BFA872037A057006D86DC /* MaxBrowser.m in Sources */,
				193BFA882037A057006D86DC /* MaxBrowserControlsView.m in Sources */,
				193BFA892037A057006D86DC /* MaxCommonLogger.m in Sources */,
				193BFA8A2037A057006D86DC /* MaxCommonSettings.m in Sources */,
				193BFA8B2037A057006D86DC /* MaxMRAIDInterstitial.m in Sources */,
				193BFA8C2037A057006D86DC /* MaxMRAIDModalViewController.m in Sources */,
				193BFA8D2037A057006D86DC /* MaxMRAIDOrientationProperties.m in Sources */,
				193BFA8E2037A057006D86DC /* MaxMRAIDParser.m in Sources */,
				19A3DFDF2037B71900D1CAF0 /* MAXAds.swift in Sources */,
				193BFA8F2037A057006D86DC /* MaxMRAIDResizeProperties.m in Sources */,
				193BFA902037A057006D86DC /* MaxMRAIDSettings.m in Sources */,
				193BFA912037A057006D86DC /* MaxMRAIDUtil.m in Sources */,
				193BFA922037A057006D86DC /* MaxMRAIDView.m in Sources */,
				193BFA932037A057006D86DC /* MaxReachability.m in Sources */,
				193BFA942037A057006D86DC /* MaxVAST2Parser.m in Sources */,
				193BFA952037A057006D86DC /* MaxVASTControls.m in Sources */,
				193BFA962037A057006D86DC /* MaxVASTEventProcessor.m in Sources */,
				193BFA972037A057006D86DC /* MaxVASTMediaFile.m in Sources */,
				193BFA982037A057006D86DC /* MaxVASTMediaFilePicker.m in Sources */,
				193BFA992037A057006D86DC /* MaxVASTModel.m in Sources */,
				193BFA9A2037A057006D86DC /* MaxVASTSettings.m in Sources */,
				193BFA9B2037A057006D86DC /* MaxVASTUrlWithId.m in Sources */,
				193BFA9C2037A057006D86DC /* MaxVASTViewController.m in Sources */,
				193BFA9D2037A057006D86DC /* MaxVASTXMLUtil.m in Sources */,
				193BFA6D2037A049006D86DC /* MAXAdViewAdapter.swift in Sources */,
				193BFA6E2037A049006D86DC /* MAXInterstitialAdapter.swift in Sources */,
				193BFA6F2037A049006D86DC /* MAXTokenProvider.swift in Sources */,
				193BFA702037A049006D86DC /* MAXAdRequest.swift in Sources */,
				193BFA712037A049006D86DC /* MAXAdRequestManager.swift in Sources */,
				193BFA722037A049006D86DC /* MAXAdResponse.swift in Sources */,
				193BFA732037A049006D86DC /* MAXAPIConstants.swift in Sources */,
				193BFA742037A049006D86DC /* MAXUserAgent.swift in Sources */,
				193BFA752037A049006D86DC /* MAXConfiguration.swift in Sources */,
				193BFA762037A049006D86DC /* MAXLocationProvider.swift in Sources */,
				193BFA782037A049006D86DC /* MAXSession.swift in Sources */,
				193BFA792037A049006D86DC /* MAXConcurrentDictionary.swift in Sources */,
				193BFA7A2037A049006D86DC /* MAXDateFormatter.swift in Sources */,
				193BFA7B2037A049006D86DC /* MAXError.swift in Sources */,
				193BFA7C2037A049006D86DC /* MAXErrorReporter.swift in Sources */,
				193BFA7D2037A049006D86DC /* MAXLinkHandler.swift in Sources */,
				19A3DFDB2037B6ED00D1CAF0 /* MAXBaseLogger.swift in Sources */,
				193BFA7E2037A049006D86DC /* MAXLogger.swift in Sources */,
				193BFA7F2037A049006D86DC /* MAXAdView.swift in Sources */,
				193BFA802037A049006D86DC /* MAXInterstitialAd.swift in Sources */,
				193BFA812037A049006D86DC /* MAXFacebookAdapter.swift in Sources */,
				193BFA822037A049006D86DC /* MAXFacebookBannerAdapter.swift in Sources */,
				193BFA832037A049006D86DC /* MAXFacebookInterstitialAdapter.swift in Sources */,
				193BFA842037A049006D86DC /* MAXMoPubCustomEvent.swift in Sources */,
				193BFA852037A049006D86DC /* MAXMoPubRequestManager.swift in Sources */,
			);
			runOnlyForDeploymentPostprocessing = 0;
		};
		193BFA5A203799EA006D86DC /* Sources */ = {
			isa = PBXSourcesBuildPhase;
			buildActionMask = 2147483647;
			files = (
				193BFB0A2037A650006D86DC /* MAXAdViewAdapter.swift in Sources */,
				193BFB0B2037A650006D86DC /* MAXInterstitialAdapter.swift in Sources */,
				193BFB0C2037A650006D86DC /* MAXTokenProvider.swift in Sources */,
				193BFB0D2037A650006D86DC /* MAXAdRequest.swift in Sources */,
				193BFB0E2037A650006D86DC /* MAXAdRequestManager.swift in Sources */,
				19A3DFE02037B71900D1CAF0 /* MAXAds.swift in Sources */,
				193BFB0F2037A650006D86DC /* MAXAdResponse.swift in Sources */,
				193BFB102037A650006D86DC /* MAXAPIConstants.swift in Sources */,
				193BFB112037A650006D86DC /* MAXUserAgent.swift in Sources */,
				193BFB122037A650006D86DC /* MAXConfiguration.swift in Sources */,
				193BFB132037A650006D86DC /* MAXLocationProvider.swift in Sources */,
				193BFB142037A650006D86DC /* MAXSession.swift in Sources */,
				193BFB162037A650006D86DC /* MAXConcurrentDictionary.swift in Sources */,
				193BFB172037A650006D86DC /* MAXDateFormatter.swift in Sources */,
				193BFB182037A650006D86DC /* MAXError.swift in Sources */,
				19A3DFDC2037B6ED00D1CAF0 /* MAXBaseLogger.swift in Sources */,
				193BFB192037A650006D86DC /* MAXErrorReporter.swift in Sources */,
				193BFB1A2037A650006D86DC /* MAXLinkHandler.swift in Sources */,
				193BFB1B2037A650006D86DC /* MAXLogger.swift in Sources */,
				193BFB1C2037A650006D86DC /* MAXAdView.swift in Sources */,
				193BFB1D2037A650006D86DC /* MAXInterstitialAd.swift in Sources */,
				193BFB1E2037A650006D86DC /* MAXFacebookAdapter.swift in Sources */,
				193BFB1F2037A650006D86DC /* MAXFacebookBannerAdapter.swift in Sources */,
				193BFB202037A650006D86DC /* MAXFacebookInterstitialAdapter.swift in Sources */,
				193BFB212037A650006D86DC /* MAXMoPubCustomEvent.swift in Sources */,
				193BFB222037A650006D86DC /* MAXMoPubRequestManager.swift in Sources */,
				193BFB232037A650006D86DC /* MAXAdRequestManagerSpec.swift in Sources */,
				193BFB242037A650006D86DC /* MAXAdRequestSpec.swift in Sources */,
				193BFB252037A650006D86DC /* MAXAdResponseSpec.swift in Sources */,
				193BFB262037A650006D86DC /* MAXFacebookBannerAdapterSpec.swift in Sources */,
				193BFB272037A650006D86DC /* MAXFacebookInterstitialAdapterSpec.swift in Sources */,
				193BFB282037A650006D86DC /* MAXLocationProviderSpec.swift in Sources */,
				193BFB292037A650006D86DC /* MAXMoPubAdRequestManagerSpec.swift in Sources */,
				193BFB2A2037A650006D86DC /* MAXResponseCacheSpec.swift in Sources */,
				193BFB2B2037A650006D86DC /* MAXSessionSpec.swift in Sources */,
				193BFB2C2037A650006D86DC /* MAXTokenProviderSpec.swift in Sources */,
				193BFB2D2037A650006D86DC /* MockNotificationCenter.swift in Sources */,
				193BFB2E2037A650006D86DC /* MockURLSession.swift in Sources */,
				193BFB2F2037A650006D86DC /* MAXAdRequestManagerStub.swift in Sources */,
				193BFB302037A650006D86DC /* MAXAdRequestStub.swift in Sources */,
				193BFB312037A650006D86DC /* MAXAdResponseStub.swift in Sources */,
				193BFB322037A650006D86DC /* MAXErrorReporterStub.swift in Sources */,
				193BFB332037A650006D86DC /* MAXLocationProviderStub.swift in Sources */,
				193BFB342037A650006D86DC /* MAXSessionStub.swift in Sources */,
				193BFB352037A650006D86DC /* MAXDateFormatterSpec.swift in Sources */,
				193BFB362037A650006D86DC /* MAXErrorReporterSpec.swift in Sources */,
				193BFB372037A650006D86DC /* MAXAdViewSpec.swift in Sources */,
				193BFB382037A650006D86DC /* MAXInterstitialAdSpec.swift in Sources */,
			);
			runOnlyForDeploymentPostprocessing = 0;
		};
/* End PBXSourcesBuildPhase section */

/* Begin PBXTargetDependency section */
		193BFA61203799EB006D86DC /* PBXTargetDependency */ = {
			isa = PBXTargetDependency;
			target = 193BFA55203799EA006D86DC /* MAX */;
			targetProxy = 193BFA60203799EB006D86DC /* PBXContainerItemProxy */;
		};
/* End PBXTargetDependency section */

/* Begin XCBuildConfiguration section */
		1917BAEC203639B6000D06DE /* Debug */ = {
			isa = XCBuildConfiguration;
			buildSettings = {
				ALWAYS_SEARCH_USER_PATHS = NO;
				CLANG_ANALYZER_NONNULL = YES;
				CLANG_ANALYZER_NUMBER_OBJECT_CONVERSION = YES_AGGRESSIVE;
				CLANG_CXX_LANGUAGE_STANDARD = "gnu++14";
				CLANG_CXX_LIBRARY = "libc++";
				CLANG_ENABLE_MODULES = YES;
				CLANG_ENABLE_OBJC_ARC = YES;
				CLANG_WARN_BLOCK_CAPTURE_AUTORELEASING = YES;
				CLANG_WARN_BOOL_CONVERSION = YES;
				CLANG_WARN_COMMA = YES;
				CLANG_WARN_CONSTANT_CONVERSION = YES;
				CLANG_WARN_DIRECT_OBJC_ISA_USAGE = YES_ERROR;
				CLANG_WARN_DOCUMENTATION_COMMENTS = YES;
				CLANG_WARN_EMPTY_BODY = YES;
				CLANG_WARN_ENUM_CONVERSION = YES;
				CLANG_WARN_INFINITE_RECURSION = YES;
				CLANG_WARN_INT_CONVERSION = YES;
				CLANG_WARN_NON_LITERAL_NULL_CONVERSION = YES;
				CLANG_WARN_OBJC_LITERAL_CONVERSION = YES;
				CLANG_WARN_OBJC_ROOT_CLASS = YES_ERROR;
				CLANG_WARN_RANGE_LOOP_ANALYSIS = YES;
				CLANG_WARN_STRICT_PROTOTYPES = YES;
				CLANG_WARN_SUSPICIOUS_MOVE = YES;
				CLANG_WARN_UNGUARDED_AVAILABILITY = YES_AGGRESSIVE;
				CLANG_WARN_UNREACHABLE_CODE = YES;
				CLANG_WARN__DUPLICATE_METHOD_MATCH = YES;
				CODE_SIGN_IDENTITY = "iPhone Developer";
				COPY_PHASE_STRIP = NO;
				DEBUG_INFORMATION_FORMAT = dwarf;
				ENABLE_STRICT_OBJC_MSGSEND = YES;
				ENABLE_TESTABILITY = YES;
				GCC_C_LANGUAGE_STANDARD = gnu11;
				GCC_DYNAMIC_NO_PIC = NO;
				GCC_NO_COMMON_BLOCKS = YES;
				GCC_OPTIMIZATION_LEVEL = 0;
				GCC_PREPROCESSOR_DEFINITIONS = (
					"DEBUG=1",
					"$(inherited)",
				);
				GCC_WARN_64_TO_32_BIT_CONVERSION = YES;
				GCC_WARN_ABOUT_RETURN_TYPE = YES_ERROR;
				GCC_WARN_UNDECLARED_SELECTOR = YES;
				GCC_WARN_UNINITIALIZED_AUTOS = YES_AGGRESSIVE;
				GCC_WARN_UNUSED_FUNCTION = YES;
				GCC_WARN_UNUSED_VARIABLE = YES;
				IPHONEOS_DEPLOYMENT_TARGET = 8.0;
				MTL_ENABLE_DEBUG_INFO = YES;
				ONLY_ACTIVE_ARCH = YES;
				SDKROOT = iphoneos;
			};
			name = Debug;
		};
		1917BAED203639B6000D06DE /* Release */ = {
			isa = XCBuildConfiguration;
			buildSettings = {
				ALWAYS_SEARCH_USER_PATHS = NO;
				CLANG_ANALYZER_NONNULL = YES;
				CLANG_ANALYZER_NUMBER_OBJECT_CONVERSION = YES_AGGRESSIVE;
				CLANG_CXX_LANGUAGE_STANDARD = "gnu++14";
				CLANG_CXX_LIBRARY = "libc++";
				CLANG_ENABLE_MODULES = YES;
				CLANG_ENABLE_OBJC_ARC = YES;
				CLANG_WARN_BLOCK_CAPTURE_AUTORELEASING = YES;
				CLANG_WARN_BOOL_CONVERSION = YES;
				CLANG_WARN_COMMA = YES;
				CLANG_WARN_CONSTANT_CONVERSION = YES;
				CLANG_WARN_DIRECT_OBJC_ISA_USAGE = YES_ERROR;
				CLANG_WARN_DOCUMENTATION_COMMENTS = YES;
				CLANG_WARN_EMPTY_BODY = YES;
				CLANG_WARN_ENUM_CONVERSION = YES;
				CLANG_WARN_INFINITE_RECURSION = YES;
				CLANG_WARN_INT_CONVERSION = YES;
				CLANG_WARN_NON_LITERAL_NULL_CONVERSION = YES;
				CLANG_WARN_OBJC_LITERAL_CONVERSION = YES;
				CLANG_WARN_OBJC_ROOT_CLASS = YES_ERROR;
				CLANG_WARN_RANGE_LOOP_ANALYSIS = YES;
				CLANG_WARN_STRICT_PROTOTYPES = YES;
				CLANG_WARN_SUSPICIOUS_MOVE = YES;
				CLANG_WARN_UNGUARDED_AVAILABILITY = YES_AGGRESSIVE;
				CLANG_WARN_UNREACHABLE_CODE = YES;
				CLANG_WARN__DUPLICATE_METHOD_MATCH = YES;
				CODE_SIGN_IDENTITY = "iPhone Developer";
				COPY_PHASE_STRIP = NO;
				DEBUG_INFORMATION_FORMAT = "dwarf-with-dsym";
				ENABLE_NS_ASSERTIONS = NO;
				ENABLE_STRICT_OBJC_MSGSEND = YES;
				GCC_C_LANGUAGE_STANDARD = gnu11;
				GCC_NO_COMMON_BLOCKS = YES;
				GCC_WARN_64_TO_32_BIT_CONVERSION = YES;
				GCC_WARN_ABOUT_RETURN_TYPE = YES_ERROR;
				GCC_WARN_UNDECLARED_SELECTOR = YES;
				GCC_WARN_UNINITIALIZED_AUTOS = YES_AGGRESSIVE;
				GCC_WARN_UNUSED_FUNCTION = YES;
				GCC_WARN_UNUSED_VARIABLE = YES;
				IPHONEOS_DEPLOYMENT_TARGET = 8.0;
				MTL_ENABLE_DEBUG_INFO = NO;
				SDKROOT = iphoneos;
				VALIDATE_PRODUCT = YES;
			};
			name = Release;
		};
		193BFA02203797CE006D86DC /* Debug */ = {
			isa = XCBuildConfiguration;
			baseConfigurationReference = 9B4B62A5E62BCE61F1AEEEDC /* Pods-MAXLib.debug.xcconfig */;
			buildSettings = {
				CODE_SIGN_STYLE = Automatic;
				HEADER_SEARCH_PATHS = (
					"$(inherited)",
					"\"${PODS_ROOT}/Headers/Public\"",
					"\"${PODS_ROOT}/Headers/Public/FBAudienceNetwork\"",
					"\"$(SDKROOT)/usr/include/libxml2\"",
				);
				IPHONEOS_DEPLOYMENT_TARGET = 8.0;
				OTHER_LDFLAGS = (
					"$(inherited)",
					"-ObjC",
				);
				PRODUCT_NAME = "$(TARGET_NAME)";
				SKIP_INSTALL = YES;
				SWIFT_OBJC_BRIDGING_HEADER = "$(SRCROOT)/MAX/Core/ObjC/MAX-Bridging-Header.h";
				SWIFT_VERSION = 4.0;
				TARGETED_DEVICE_FAMILY = "1,2";
			};
			name = Debug;
		};
		193BFA03203797CE006D86DC /* Release */ = {
			isa = XCBuildConfiguration;
			baseConfigurationReference = 938D303E84E7306609526754 /* Pods-MAXLib.release.xcconfig */;
			buildSettings = {
				CODE_SIGN_STYLE = Automatic;
				HEADER_SEARCH_PATHS = (
					"$(inherited)",
					"\"${PODS_ROOT}/Headers/Public\"",
					"\"${PODS_ROOT}/Headers/Public/FBAudienceNetwork\"",
					"\"$(SDKROOT)/usr/include/libxml2\"",
				);
				IPHONEOS_DEPLOYMENT_TARGET = 8.0;
				OTHER_LDFLAGS = (
					"$(inherited)",
					"-ObjC",
				);
				PRODUCT_NAME = "$(TARGET_NAME)";
				SKIP_INSTALL = YES;
				SWIFT_OBJC_BRIDGING_HEADER = "$(SRCROOT)/MAX/Core/ObjC/MAX-Bridging-Header.h";
				SWIFT_VERSION = 4.0;
				TARGETED_DEVICE_FAMILY = "1,2";
			};
			name = Release;
		};
		193BFA68203799EB006D86DC /* Debug */ = {
			isa = XCBuildConfiguration;
			baseConfigurationReference = 4EE3C88EDC57AC7094510C2C /* Pods-MAX.debug.xcconfig */;
			buildSettings = {
				CODE_SIGN_IDENTITY = "";
				CODE_SIGN_STYLE = Automatic;
				CURRENT_PROJECT_VERSION = 1;
				DEFINES_MODULE = YES;
				DYLIB_COMPATIBILITY_VERSION = 1;
				DYLIB_CURRENT_VERSION = 1;
				DYLIB_INSTALL_NAME_BASE = "@rpath";
				HEADER_SEARCH_PATHS = (
					"$(inherited)",
					"\"${PODS_ROOT}/Headers/Public\"",
					"\"${PODS_ROOT}/Headers/Public/FBAudienceNetwork\"",
					"\"$(SDKROOT)/usr/include/libxml2\"",
				);
				INFOPLIST_FILE = MAX/Info.plist;
				INSTALL_PATH = "$(LOCAL_LIBRARY_DIR)/Frameworks";
				IPHONEOS_DEPLOYMENT_TARGET = 8.0;
				LD_RUNPATH_SEARCH_PATHS = "$(inherited) @executable_path/Frameworks @loader_path/Frameworks";
				PRODUCT_BUNDLE_IDENTIFIER = com.MAX.MAX;
				PRODUCT_NAME = "$(TARGET_NAME:c99extidentifier)";
				SKIP_INSTALL = YES;
				SWIFT_ACTIVE_COMPILATION_CONDITIONS = DEBUG;
				SWIFT_OPTIMIZATION_LEVEL = "-Onone";
				SWIFT_VERSION = 4.0;
				TARGETED_DEVICE_FAMILY = "1,2";
				VERSIONING_SYSTEM = "apple-generic";
				VERSION_INFO_PREFIX = "";
			};
			name = Debug;
		};
		193BFA69203799EB006D86DC /* Release */ = {
			isa = XCBuildConfiguration;
			baseConfigurationReference = 1E6EE64A8199E37E629B3039 /* Pods-MAX.release.xcconfig */;
			buildSettings = {
				CODE_SIGN_IDENTITY = "";
				CODE_SIGN_STYLE = Automatic;
				CURRENT_PROJECT_VERSION = 1;
				DEFINES_MODULE = YES;
				DYLIB_COMPATIBILITY_VERSION = 1;
				DYLIB_CURRENT_VERSION = 1;
				DYLIB_INSTALL_NAME_BASE = "@rpath";
				HEADER_SEARCH_PATHS = (
					"$(inherited)",
					"\"${PODS_ROOT}/Headers/Public\"",
					"\"${PODS_ROOT}/Headers/Public/FBAudienceNetwork\"",
					"\"$(SDKROOT)/usr/include/libxml2\"",
				);
				INFOPLIST_FILE = MAX/Info.plist;
				INSTALL_PATH = "$(LOCAL_LIBRARY_DIR)/Frameworks";
				IPHONEOS_DEPLOYMENT_TARGET = 8.0;
				LD_RUNPATH_SEARCH_PATHS = "$(inherited) @executable_path/Frameworks @loader_path/Frameworks";
				PRODUCT_BUNDLE_IDENTIFIER = com.MAX.MAX;
				PRODUCT_NAME = "$(TARGET_NAME:c99extidentifier)";
				SKIP_INSTALL = YES;
				SWIFT_OPTIMIZATION_LEVEL = "-Owholemodule";
				SWIFT_VERSION = 4.0;
				TARGETED_DEVICE_FAMILY = "1,2";
				VERSIONING_SYSTEM = "apple-generic";
				VERSION_INFO_PREFIX = "";
			};
			name = Release;
		};
		193BFA6B203799EB006D86DC /* Debug */ = {
			isa = XCBuildConfiguration;
			baseConfigurationReference = D28B8B9B2063F38A78077255 /* Pods-MAXTests.debug.xcconfig */;
			buildSettings = {
				ALWAYS_EMBED_SWIFT_STANDARD_LIBRARIES = "$(inherited)";
				CLANG_ENABLE_MODULES = YES;
				CODE_SIGN_STYLE = Automatic;
				INFOPLIST_FILE = MAXTests/Info.plist;
				IPHONEOS_DEPLOYMENT_TARGET = 8.0;
				LD_RUNPATH_SEARCH_PATHS = "$(inherited) @executable_path/Frameworks @loader_path/Frameworks";
				PRODUCT_BUNDLE_IDENTIFIER = com.MAX.MAXTests;
				PRODUCT_NAME = "$(TARGET_NAME)";
				SWIFT_ACTIVE_COMPILATION_CONDITIONS = DEBUG;
				SWIFT_OBJC_BRIDGING_HEADER = "$(SRCROOT)/MAX/Core/ObjC/MAX-Bridging-Header.h";
				SWIFT_OPTIMIZATION_LEVEL = "-Onone";
				SWIFT_VERSION = 4.0;
				TARGETED_DEVICE_FAMILY = "1,2";
			};
			name = Debug;
		};
		193BFA6C203799EB006D86DC /* Release */ = {
			isa = XCBuildConfiguration;
			baseConfigurationReference = 65CC6519174FDA0F403097E9 /* Pods-MAXTests.release.xcconfig */;
			buildSettings = {
				ALWAYS_EMBED_SWIFT_STANDARD_LIBRARIES = "$(inherited)";
				CLANG_ENABLE_MODULES = YES;
				CODE_SIGN_STYLE = Automatic;
				INFOPLIST_FILE = MAXTests/Info.plist;
				IPHONEOS_DEPLOYMENT_TARGET = 8.0;
				LD_RUNPATH_SEARCH_PATHS = "$(inherited) @executable_path/Frameworks @loader_path/Frameworks";
				PRODUCT_BUNDLE_IDENTIFIER = com.MAX.MAXTests;
				PRODUCT_NAME = "$(TARGET_NAME)";
				SWIFT_OBJC_BRIDGING_HEADER = "$(SRCROOT)/MAX/Core/ObjC/MAX-Bridging-Header.h";
				SWIFT_OPTIMIZATION_LEVEL = "-Owholemodule";
				SWIFT_VERSION = 4.0;
				TARGETED_DEVICE_FAMILY = "1,2";
			};
			name = Release;
		};
/* End XCBuildConfiguration section */

/* Begin XCConfigurationList section */
		1917BAE0203639B6000D06DE /* Build configuration list for PBXProject "MAX" */ = {
			isa = XCConfigurationList;
			buildConfigurations = (
				1917BAEC203639B6000D06DE /* Debug */,
				1917BAED203639B6000D06DE /* Release */,
			);
			defaultConfigurationIsVisible = 0;
			defaultConfigurationName = Release;
		};
		193BFA04203797CE006D86DC /* Build configuration list for PBXNativeTarget "MAXLib" */ = {
			isa = XCConfigurationList;
			buildConfigurations = (
				193BFA02203797CE006D86DC /* Debug */,
				193BFA03203797CE006D86DC /* Release */,
			);
			defaultConfigurationIsVisible = 0;
			defaultConfigurationName = Release;
		};
		193BFA67203799EB006D86DC /* Build configuration list for PBXNativeTarget "MAX" */ = {
			isa = XCConfigurationList;
			buildConfigurations = (
				193BFA68203799EB006D86DC /* Debug */,
				193BFA69203799EB006D86DC /* Release */,
			);
			defaultConfigurationIsVisible = 0;
			defaultConfigurationName = Release;
		};
		193BFA6A203799EB006D86DC /* Build configuration list for PBXNativeTarget "MAXTests" */ = {
			isa = XCConfigurationList;
			buildConfigurations = (
				193BFA6B203799EB006D86DC /* Debug */,
				193BFA6C203799EB006D86DC /* Release */,
			);
			defaultConfigurationIsVisible = 0;
			defaultConfigurationName = Release;
		};
/* End XCConfigurationList section */
	};
	rootObject = 1917BADD203639B6000D06DE /* Project object */;
}
